{
  "name": "node-hpke-core",
  "version": "1.0.0",
  "lockfileVersion": 3,
  "requires": true,
  "packages": {
    "": {
      "name": "node-hpke-core",
      "version": "1.0.0",
      "license": "MIT",
      "dependencies": {
        "@hpke/core": "^1.4.3",
        "@hpke/dhkem-x25519": "^1.4.3"
      }
    },
    "node_modules/@hpke/common": {
      "version": "1.4.3",
      "resolved": "https://registry.npmjs.org/@hpke/common/-/common-1.4.3.tgz",
      "integrity": "sha512-jLM6eqINUOqFYHA36qxo/BoLL1k1TW3xqAl996GyMXK1E7cGL1jTp0igBcBrEmHPC+Pl2RbpyOZlYyWC91mt2g==",
      "license": "MIT",
      "engines": {
        "node": ">=16.0.0"
      }
    },
    "node_modules/@hpke/core": {
      "version": "1.4.3",
      "resolved": "https://registry.npmjs.org/@hpke/core/-/core-1.4.3.tgz",
      "integrity": "sha512-10ZwPlNcoM8t9NN4BV26Q437WQv+bKldSVTDL1XM8PvJYz7HbhhJUKrfyMmLIU8jA93t7hYPsOM12eGlDJtklQ==",
      "license": "MIT",
      "dependencies": {
        "@hpke/common": "^1.4.3"
      },
      "engines": {
        "node": ">=16.0.0"
      }
    },
    "node_modules/@hpke/dhkem-x25519": {
      "version": "1.4.3",
      "resolved": "https://registry.npmjs.org/@hpke/dhkem-x25519/-/dhkem-x25519-1.4.3.tgz",
      "integrity": "sha512-QFb09/hR/iJKurTvOY1PJ/TGr0CgAf2AO6HeyhP93afa5U3dg4xR038FhMvCw1XTe/hTvww9QoMJ+bAgMOwu7A==",
      "license": "MIT",
      "dependencies": {
        "@hpke/common": "^1.4.3",
        "@noble/curves": "^1.4.2",
        "@noble/hashes": "^1.4.0"
      },
      "engines": {
        "node": ">=16.0.0"
      }
    },
    "node_modules/@noble/curves": {
      "version": "1.4.2",
      "resolved": "https://registry.npmjs.org/@noble/curves/-/curves-1.4.2.tgz",
      "integrity": "sha512-TavHr8qycMChk8UwMld0ZDRvatedkzWfH8IiaeGCfymOP5i0hSCozz9vHOL0nkwk7HRMlFnAiKpS2jrUmSybcw==",
      "license": "MIT",
      "dependencies": {
        "@noble/hashes": "1.4.0"
      },
      "funding": {
        "url": "https://paulmillr.com/funding/"
      }
    },
    "node_modules/@noble/hashes": {
      "version": "1.4.0",
      "resolved": "https://registry.npmjs.org/@noble/hashes/-/hashes-1.4.0.tgz",
      "integrity": "sha512-V1JJ1WTRUqHHrOSh597hURcMqVKVGL/ea3kv0gSnEdsEZ0/+VyPghM1lMNGc00z7CIQorSvbKpuJkxvuHbvdbg==",
      "license": "MIT",
      "engines": {
        "node": ">= 16"
      },
      "funding": {
        "url": "https://paulmillr.com/funding/"
      }
    }
  }
}
