{
  "version": "2",
  "remote": {},
  "npm": {
    "specifiers": {
      "@noble/ciphers@0.1.4": "@noble/ciphers@0.1.4",
      "@noble/curves@1.1.0": "@noble/curves@1.1.0",
      "@noble/hashes@1.3.1": "@noble/hashes@1.3.1"
    },
    "packages": {
      "@noble/ciphers@0.1.4": {
        "integrity": "sha512-d3ZR8vGSpy3v/nllS+bD/OMN5UZqusWiQqkyj7AwzTnhXFH72pF5oB4Ach6DQ50g5kXxC28LdaYBEpsyv9KOUQ==",
        "dependencies": {}
      },
      "@noble/curves@1.1.0": {
        "integrity": "sha512-091oBExgENk/kGj3AZmtBDMpxQPDtxQABR2B9lb1JbVTs6ytdzZNwvhxQ4MWasRNEzlbEH8jCWFCwhF/Obj5AA==",
        "dependencies": {
          "@noble/hashes": "@noble/hashes@1.3.1"
        }
      },
      "@noble/hashes@1.3.1": {
        "integrity": "sha512-EbqwksQwz9xDRGfDST86whPBgM65E0OH/pCgqW0GBVzO22bNE+NuIbeTb714+IfSjU3aRk47EUvXIb5bTsenKA==",
        "dependencies": {}
      }
    }
  }
}
