{
  "version": "4",
  "specifiers": {
    "jsr:@dajiaji/mlkem@^2.3.0": "2.3.0",
    "jsr:@david/code-block-writer@^13.0.2": "13.0.2",
    "jsr:@deno/cache-dir@~0.10.3": "0.10.3",
    "jsr:@deno/dnt@*": "0.41.3",
    "jsr:@deno/dnt@~0.41.3": "0.41.3",
    "jsr:@std/assert@0.223": "0.223.0",
    "jsr:@std/assert@0.226": "0.226.0",
    "jsr:@std/assert@1.0.0": "1.0.0",
    "jsr:@std/assert@^1.0.3": "1.0.3",
    "jsr:@std/bytes@0.223": "0.223.0",
    "jsr:@std/fmt@0.223": "0.223.0",
    "jsr:@std/fmt@1": "1.0.1",
    "jsr:@std/fs@0.223": "0.223.0",
    "jsr:@std/fs@1": "1.0.4",
    "jsr:@std/fs@^1.0.4": "1.0.4",
    "jsr:@std/fs@~0.229.3": "0.229.3",
    "jsr:@std/internal@^1.0.1": "1.0.2",
    "jsr:@std/internal@^1.0.2": "1.0.2",
    "jsr:@std/io@0.223": "0.223.0",
    "jsr:@std/path@0.223": "0.223.0",
    "jsr:@std/path@1": "1.0.3",
    "jsr:@std/path@1.0.0-rc.1": "1.0.0-rc.1",
    "jsr:@std/path@^1.0.3": "1.0.6",
    "jsr:@std/path@^1.0.6": "1.0.6",
    "jsr:@std/path@~0.225.2": "0.225.2",
    "jsr:@std/testing@1": "1.0.1",
    "jsr:@ts-morph/bootstrap@0.24": "0.24.0",
    "jsr:@ts-morph/common@0.24": "0.24.0",
    "npm:@hpke/chacha20poly1305@^1.3.0": "1.3.1",
    "npm:@hpke/core@^1.3.0": "1.3.1",
    "npm:@hpke/dhkem-x25519@^1.3.0": "1.3.1",
    "npm:@hpke/dhkem-x448@^1.3.0": "1.3.1",
    "npm:@noble/ciphers@0.5.3": "0.5.3",
    "npm:@noble/ciphers@1": "1.0.0",
    "npm:@noble/ciphers@~0.5.3": "0.5.3",
    "npm:@noble/curves@1.4.2": "1.4.2",
    "npm:@noble/curves@^1.4.2": "1.4.2",
    "npm:@noble/curves@^1.6.0": "1.6.0",
    "npm:@noble/hashes@1.4.0": "1.4.0",
    "npm:@noble/hashes@^1.4.0": "1.4.0",
    "npm:@noble/hashes@^1.5.0": "1.5.0",
    "npm:@playwright/test@^1.48.2": "1.48.2",
    "npm:@types/node@*": "22.2.0",
    "npm:mlkem@^2.3.0": "2.3.0"
  },
  "jsr": {
    "@dajiaji/mlkem@2.3.0": {
      "integrity": "4c44a371b61d79fa128562c76634399c6f80a894bd01aeffbbda5aa6324b0b18",
      "dependencies": [
        "npm:@noble/hashes@^1.5.0"
      ]
    },
    "@david/code-block-writer@13.0.2": {
      "integrity": "14dd3baaafa3a2dea8bf7dfbcddeccaa13e583da2d21d666c01dc6d681cd74ad"
    },
    "@deno/cache-dir@0.10.3": {
      "integrity": "eb022f84ecc49c91d9d98131c6e6b118ff63a29e343624d058646b9d50404776",
      "dependencies": [
        "jsr:@std/fmt@0.223",
        "jsr:@std/fs@0.223",
        "jsr:@std/io",
        "jsr:@std/path@0.223"
      ]
    },
    "@deno/dnt@0.41.3": {
      "integrity": "b2ef2c8a5111eef86cb5bfcae103d6a2938e8e649e2461634a7befb7fc59d6d2",
      "dependencies": [
        "jsr:@david/code-block-writer",
        "jsr:@deno/cache-dir",
        "jsr:@std/fmt@1",
        "jsr:@std/fs@1",
        "jsr:@std/path@1",
        "jsr:@ts-morph/bootstrap"
      ]
    },
    "@std/assert@0.223.0": {
      "integrity": "eb8d6d879d76e1cc431205bd346ed4d88dc051c6366365b1af47034b0670be24"
    },
    "@std/assert@0.226.0": {
      "integrity": "0dfb5f7c7723c18cec118e080fec76ce15b4c31154b15ad2bd74822603ef75b3"
    },
    "@std/assert@1.0.0": {
      "integrity": "0e4f6d873f7f35e2a1e6194ceee39686c996b9e5d134948e644d35d4c4df2008",
      "dependencies": [
        "jsr:@std/internal@^1.0.1"
      ]
    },
    "@std/assert@1.0.3": {
      "integrity": "b0d03ce1ced880df67132eea140623010d415848df66f6aa5df76507ca7c26d8",
      "dependencies": [
        "jsr:@std/internal@^1.0.2"
      ]
    },
    "@std/bytes@0.223.0": {
      "integrity": "84b75052cd8680942c397c2631318772b295019098f40aac5c36cead4cba51a8"
    },
    "@std/fmt@0.223.0": {
      "integrity": "6deb37794127dfc7d7bded2586b9fc6f5d50e62a8134846608baf71ffc1a5208"
    },
    "@std/fmt@1.0.1": {
      "integrity": "ef76c37faa7720faa8c20fd8cc74583f9b1e356dfd630c8714baa716a45856ab"
    },
    "@std/fs@0.223.0": {
      "integrity": "3b4b0550b2c524cbaaa5a9170c90e96cbb7354e837ad1bdaf15fc9df1ae9c31c"
    },
    "@std/fs@0.229.3": {
      "integrity": "783bca21f24da92e04c3893c9e79653227ab016c48e96b3078377ebd5222e6eb",
      "dependencies": [
        "jsr:@std/path@1.0.0-rc.1"
      ]
    },
    "@std/fs@1.0.2": {
      "integrity": "af57555c7a224a6f147d5cced5404692974f7a628ced8eda67e0d22d92d474ec",
      "dependencies": [
        "jsr:@std/path@^1.0.3"
      ]
    },
    "@std/fs@1.0.4": {
      "integrity": "2907d32d8d1d9e540588fd5fe0ec21ee638134bd51df327ad4e443aaef07123c",
      "dependencies": [
        "jsr:@std/path@^1.0.6"
      ]
    },
    "@std/internal@1.0.2": {
      "integrity": "f4cabe2021352e8bfc24e6569700df87bf070914fc38d4b23eddd20108ac4495"
    },
    "@std/io@0.223.0": {
      "integrity": "2d8c3c2ab3a515619b90da2c6ff5ea7b75a94383259ef4d02116b228393f84f1",
      "dependencies": [
        "jsr:@std/assert@0.223",
        "jsr:@std/bytes"
      ]
    },
    "@std/path@0.223.0": {
      "integrity": "593963402d7e6597f5a6e620931661053572c982fc014000459edc1f93cc3989",
      "dependencies": [
        "jsr:@std/assert@0.223"
      ]
    },
    "@std/path@0.225.2": {
      "integrity": "0f2db41d36b50ef048dcb0399aac720a5348638dd3cb5bf80685bf2a745aa506",
      "dependencies": [
        "jsr:@std/assert@0.226"
      ]
    },
    "@std/path@1.0.0-rc.1": {
      "integrity": "b8c00ae2f19106a6bb7cbf1ab9be52aa70de1605daeb2dbdc4f87a7cbaf10ff6"
    },
    "@std/path@1.0.3": {
      "integrity": "cd89d014ce7eb3742f2147b990f6753ee51d95276bfc211bc50c860c1bc7df6f"
    },
    "@std/path@1.0.6": {
      "integrity": "ab2c55f902b380cf28e0eec501b4906e4c1960d13f00e11cfbcd21de15f18fed"
    },
    "@std/testing@1.0.1": {
      "integrity": "9c25841137ee818933e1722091bb9ed5fdc251c35e84c97979a52196bdb6c5c3"
    },
    "@ts-morph/bootstrap@0.24.0": {
      "integrity": "a826a2ef7fa8a7c3f1042df2c034d20744d94da2ee32bf29275bcd4dffd3c060",
      "dependencies": [
        "jsr:@ts-morph/common"
      ]
    },
    "@ts-morph/common@0.24.0": {
      "integrity": "12b625b8e562446ba658cdbe9ad77774b4bd96b992ae8bd34c60dbf24d06c1f3",
      "dependencies": [
        "jsr:@std/fs@~0.229.3",
        "jsr:@std/path@~0.225.2"
      ]
    }
  },
  "npm": {
    "@hpke/chacha20poly1305@1.3.1": {
      "integrity": "sha512-kX8D5y04o+SxGJSJMA4r3+YtxOSHir7QxRFuANCVB4hr7Dm7oVwce9iVUQJtOPRSc4mddFlRFq4SQyy2mI4KQA==",
      "dependencies": [
        "@hpke/core",
        "@noble/ciphers@0.5.3"
      ]
    },
    "@hpke/core@1.3.1": {
      "integrity": "sha512-ilWdCYbaTyvQGrMMi5LKcy320/sleGdSR2eKo8B1QOEEWi5EZT+k0B/K5o51AcPLJWaLiY1WFJhSIynTKGI35g=="
    },
    "@hpke/dhkem-x25519@1.3.1": {
      "integrity": "sha512-BR0s6GYTbCufMRnG7byuRGvtby61kc3od1AaI+LJDkgmmLdsEcr7mk8cfbMncse1PlHVWLoFcMX67ATyGoDwcw==",
      "dependencies": [
        "@hpke/core",
        "@noble/curves@1.4.2",
        "@noble/hashes@1.4.0"
      ]
    },
    "@hpke/dhkem-x448@1.3.1": {
      "integrity": "sha512-xsy/1nfbi+pbWUZtQAx4uXj9IJ5Db8QAfuT8m0JZq3CZbWy/3qn9WV6NUFdg3pqNW7WEK99yirHyaIXBfqTOIA==",
      "dependencies": [
        "@hpke/core",
        "@noble/curves@1.4.2",
        "@noble/hashes@1.4.0"
      ]
    },
    "@noble/ciphers@0.5.3": {
      "integrity": "sha512-B0+6IIHiqEs3BPMT0hcRmHvEj2QHOLu+uwt+tqDDeVd0oyVzh7BPrDcPjRnV1PV/5LaknXJJQvOuRGR0zQJz+w=="
    },
    "@noble/ciphers@1.0.0": {
      "integrity": "sha512-wH5EHOmLi0rEazphPbecAzmjd12I6/Yv/SiHdkA9LSycsQk7RuuTp7am5/o62qYr0RScE7Pc9icXGBbsr6cesA=="
    },
    "@noble/curves@1.4.2": {
      "integrity": "sha512-TavHr8qycMChk8UwMld0ZDRvatedkzWfH8IiaeGCfymOP5i0hSCozz9vHOL0nkwk7HRMlFnAiKpS2jrUmSybcw==",
      "dependencies": [
        "@noble/hashes@1.4.0"
      ]
    },
    "@noble/curves@1.6.0": {
      "integrity": "sha512-TlaHRXDehJuRNR9TfZDNQ45mMEd5dwUwmicsafcIX4SsNiqnCHKjE/1alYPd/lDRVhxdhUAlv8uEhMCI5zjIJQ==",
      "dependencies": [
        "@noble/hashes@1.5.0"
      ]
    },
    "@noble/hashes@1.4.0": {
      "integrity": "sha512-V1JJ1WTRUqHHrOSh597hURcMqVKVGL/ea3kv0gSnEdsEZ0/+VyPghM1lMNGc00z7CIQorSvbKpuJkxvuHbvdbg=="
    },
    "@noble/hashes@1.5.0": {
      "integrity": "sha512-1j6kQFb7QRru7eKN3ZDvRcP13rugwdxZqCjbiAVZfIJwgj2A65UmT4TgARXGlXgnRkORLTDTrO19ZErt7+QXgA=="
    },
    "@playwright/test@1.48.2": {
      "integrity": "sha512-54w1xCWfXuax7dz4W2M9uw0gDyh+ti/0K/MxcCUxChFh37kkdxPdfZDw5QBbuPUJHr1CiHJ1hXgSs+GgeQc5Zw==",
      "dependencies": [
        "playwright"
      ]
    },
    "@types/node@22.2.0": {
      "integrity": "sha512-bm6EG6/pCpkxDf/0gDNDdtDILMOHgaQBVOJGdwsqClnxA3xL6jtMv76rLBc006RVMWbmaf0xbmom4Z/5o2nRkQ==",
      "dependencies": [
        "undici-types"
      ]
    },
    "fsevents@2.3.2": {
      "integrity": "sha512-xiqMQR4xAeHTuB9uWm+fFRcIOgKBMiOBP+eXiyT7jsgVCq1bkVygt00oASowB7EdtpOHaaPgKt812P9ab+DDKA=="
    },
    "mlkem@2.3.0": {
      "integrity": "sha512-iDY5QTG/O/ouhC79dIlVzyiaieOopwhPZmxvevLoeJ4hkADnyCLa5ZSID1PKbReF4IebidrJrRf5YM3TFp02cQ==",
      "dependencies": [
        "@noble/hashes@1.5.0"
      ]
    },
    "playwright-core@1.48.2": {
      "integrity": "sha512-sjjw+qrLFlriJo64du+EK0kJgZzoQPsabGF4lBvsid+3CNIZIYLgnMj9V6JY5VhM2Peh20DJWIVpVljLLnlawA=="
    },
    "playwright@1.48.2": {
      "integrity": "sha512-NjYvYgp4BPmiwfe31j4gHLa3J7bD2WiBz8Lk2RoSsmX38SVIARZ18VYjxLjAcDsAhA+F4iSEXTSGgjua0rrlgQ==",
      "dependencies": [
        "fsevents",
        "playwright-core"
      ]
    },
    "undici-types@6.13.0": {
      "integrity": "sha512-xtFJHudx8S2DSoujjMd1WeWvn7KKWFRESZTMeL1RptAYERu29D6jphMjjY+vn96jvN3kVPDNxU/E13VTaXj6jg=="
    }
  },
  "redirects": {
    "http://deno.land/x/hpke/core/mod.ts": "https://deno.land/x/hpke/core/mod.ts",
    "http://deno.land/x/hpke/mod.ts": "https://deno.land/x/hpke/mod.ts",
    "https://deno.land/x/hpke/core/mod.ts": "https://deno.land/x/hpke@1.2.9/core/mod.ts",
    "https://deno.land/x/hpke/mod.ts": "https://deno.land/x/hpke@1.2.9/mod.ts",
    "https://deno.land/x/hpke/x/chacha20poly1305/mod.ts": "https://deno.land/x/hpke@1.2.9/x/chacha20poly1305/mod.ts",
    "https://deno.land/x/hpke/x/dhkem-secp256k1/mod.ts": "https://deno.land/x/hpke@1.2.9/x/dhkem-secp256k1/mod.ts",
    "https://deno.land/x/hpke/x/dhkem-x25519/mod.ts": "https://deno.land/x/hpke@1.2.9/x/dhkem-x25519/mod.ts",
    "https://deno.land/x/hpke/x/dhkem-x448/mod.ts": "https://deno.land/x/hpke@1.2.9/x/dhkem-x448/mod.ts",
    "https://deno.land/x/hpke/x/hybridkem-x25519-kyber768/mod.ts": "https://deno.land/x/hpke@1.2.9/x/hybridkem-x25519-kyber768/mod.ts"
  },
  "remote": {
    "https://deno.land/x/hpke@1.2.9/core/mod.ts": "1d9e01ab541105cc8cc79c9e6ffebbeaa0be98af195039d8714ba5ce7a24cee2",
    "https://deno.land/x/hpke@1.2.9/core/src/native.ts": "0c33d835431528384810e248f9df86559c84f9c2b80b4190d78eed0166a81c1f",
    "https://deno.land/x/hpke@1.2.9/mod.ts": "b9d0c076cfdf6be46257979a89812004f04f99e843faeca895a94373fcff1848",
    "https://deno.land/x/hpke@1.2.9/src/aeads/aesGcm.ts": "7d1fca5cdd116b9801535b72941e9bfbcf1540b304d0bcc5a93e103465495885",
    "https://deno.land/x/hpke@1.2.9/src/aeads/chacha20Poly1305.ts": "18304aa1797341eb8082220ee17ffe57f6f873ddc30b177baa9630271771e3ec",
    "https://deno.land/x/hpke@1.2.9/src/aeads/exportOnly.ts": "387c2d6a882bd65ab9087348e659c090b9d455b5acb4c01852bccc6be39aa64a",
    "https://deno.land/x/hpke@1.2.9/src/algorithm.ts": "ff0bbf9adbc0636c39c2c30e0c87951cba82da482f20740f6f0e07c71b4b7460",
    "https://deno.land/x/hpke@1.2.9/src/cipherSuite.ts": "b85fa6aa870f6ec45256523c737a0dfcf529d6a7ee05ce507de27385e3ea4656",
    "https://deno.land/x/hpke@1.2.9/src/cipherSuiteNative.ts": "9193141e3fbd4fd2644d7b53f7212238e1363845d8adf90a7e25ca98909ab54a",
    "https://deno.land/x/hpke@1.2.9/src/consts.ts": "8d5c087b2a3514c6053b83fe47e8ccf99fc6b4c43145336bba28d43bd89735e1",
    "https://deno.land/x/hpke@1.2.9/src/encryptionContext.ts": "3f769671dea0c39a1df3b362161415b963ff1c69a8fa9d63bf73199dce131daa",
    "https://deno.land/x/hpke@1.2.9/src/errors.ts": "28059eeae7100b4e0af3fceb6a83adaa844daf73040d7ea6adb642e4e24a9fdd",
    "https://deno.land/x/hpke@1.2.9/src/exporterContext.ts": "b293b3c4325a3ceb9e4378fe3ba1224e3e361ec7065fb7e3b90d61ec4fc26eaa",
    "https://deno.land/x/hpke@1.2.9/src/identifiers.ts": "2d0e8e49dddd168fd67e1f294193136eff82dfe5ca427b0a8f343a63fedf63a5",
    "https://deno.land/x/hpke@1.2.9/src/interfaces/aeadEncryptionContext.ts": "e39e7d96678ec033baff4d925ef601ef34420c5b2b18e1863426bb21b9d60d3d",
    "https://deno.land/x/hpke@1.2.9/src/interfaces/aeadInterface.ts": "f5152a25fb695009902cafd1b78dd86ff0930ac3ca4efd738dceeea8f6568557",
    "https://deno.land/x/hpke@1.2.9/src/interfaces/aeadParams.ts": "c541e24d11f2ceef2830dd3aba28c316a884bdc02ac0e9c66d95bc2a23b92292",
    "https://deno.land/x/hpke@1.2.9/src/interfaces/cipherSuiteParams.ts": "086399a73e04e6c0e40eff56fbd373e5f67aca02373e261f533d506dae78163b",
    "https://deno.land/x/hpke@1.2.9/src/interfaces/dhkemInterface.ts": "e3366ed87ea61e7b6112b844dd7868af43839da5b78bd284fba3d1028bc407af",
    "https://deno.land/x/hpke@1.2.9/src/interfaces/dhkemPrimitives.ts": "0f6934452670ae0555cce21439c5133df367ccafb96ed103767b79abaa8cf037",
    "https://deno.land/x/hpke@1.2.9/src/interfaces/encapsulator.ts": "6a81362683e1eb9f7406bb974b6b7bd5554bc6c93eed3ab3e955a9dda9beca48",
    "https://deno.land/x/hpke@1.2.9/src/interfaces/encryptionContext.ts": "6b5ca09fa3645e4a40cd6428d4950e4cf8e9159bf4e30fc27314e858742c64bd",
    "https://deno.land/x/hpke@1.2.9/src/interfaces/exporter.ts": "6667607ba48f02ec447f143d1e0050adbe11cd7857c8dce3670dd5a8a9298e91",
    "https://deno.land/x/hpke@1.2.9/src/interfaces/kdfInterface.ts": "12e2c305c09cd8d334cb43443b86e4ee652302ccb4db122bbc9c75d53574cd41",
    "https://deno.land/x/hpke@1.2.9/src/interfaces/kemInterface.ts": "c9ccbeadc2af9053cb74cdde203cad506820e362b9401886bf2edf10d72bd900",
    "https://deno.land/x/hpke@1.2.9/src/interfaces/keyInfo.ts": "e8dedffc2e25d75772e04fc44afce953ae3cc834315b68d12b96f39354967ae7",
    "https://deno.land/x/hpke@1.2.9/src/interfaces/keyScheduleParams.ts": "e0a698815eb123c914de499de71bde80a79b4488e6ce681fbb394037ba2a9645",
    "https://deno.land/x/hpke@1.2.9/src/interfaces/preSharedKey.ts": "98543f61362b5f77675f4f5f13af4efdf58183c3c309f539d6c6c9cb62124090",
    "https://deno.land/x/hpke@1.2.9/src/interfaces/recipientContextParams.ts": "02194c133714506d12524c7828ff80464e089534ac8c1a08eb1e7913c6f24ce2",
    "https://deno.land/x/hpke@1.2.9/src/interfaces/responses.ts": "35d2bf77ab4d32cfe90bf96d3a61bf92a10a3979e90be74f64965da019c46531",
    "https://deno.land/x/hpke@1.2.9/src/interfaces/senderContextParams.ts": "177285e07f3445deb66ffff7c7ac4e3465f2e70f6c2bf2c3b1bfaf210e6aa0ab",
    "https://deno.land/x/hpke@1.2.9/src/kdfs/hkdf.ts": "2b3c14ce3c9a4eb48d64bfa75d76bab8ef6d3e45e5f68ae2bedc85d7527bcc6d",
    "https://deno.land/x/hpke@1.2.9/src/kdfs/hkdfSha256.ts": "ab283b4234f1fee503c7dac306988bc662100767cb9a1e347bec7f6a7a5c7f27",
    "https://deno.land/x/hpke@1.2.9/src/kdfs/hkdfSha384.ts": "a0c9846c4bac1d103df61f4c327715b45c62389aa38fa2e0180b0085529df147",
    "https://deno.land/x/hpke@1.2.9/src/kdfs/hkdfSha512.ts": "27acd55b364d09c6f9cbd96994849764359fb01c1eebe97e180bba80e012e15c",
    "https://deno.land/x/hpke@1.2.9/src/kems/dhkem.ts": "50e29066266f4af94e3ea1d5ea1c1633ea336b5fdf45b488c5b2311c758d0f02",
    "https://deno.land/x/hpke@1.2.9/src/kems/dhkemNative.ts": "e8f5ee7ceda2d2eb65d1e20fc5d4400ea3c40f65831f9b123c62cb3182479719",
    "https://deno.land/x/hpke@1.2.9/src/kems/dhkemP256.ts": "449266bf7f9b97a289adee5b4f581f423463f458f24b11e6f4d797ff2bb12ca1",
    "https://deno.land/x/hpke@1.2.9/src/kems/dhkemP384.ts": "16a999cce7a96c5799959d33da288de6945424a6ec3bce74e72962647b8aed00",
    "https://deno.land/x/hpke@1.2.9/src/kems/dhkemP521.ts": "0006c91099c14000d8d23008da4382b8e5bba80b39bf47e8ab9d1905da3ed079",
    "https://deno.land/x/hpke@1.2.9/src/kems/dhkemPrimitives/ec.ts": "f3965a5a97972949cbde851b32d669d214f3a44bdc5e242b891aee8a2c1e95c8",
    "https://deno.land/x/hpke@1.2.9/src/kems/dhkemPrimitives/secp256k1.ts": "b0f709abbefd84c3c231ac3bc362f26c52b367a0e708ef2a863afbc1604b4417",
    "https://deno.land/x/hpke@1.2.9/src/kems/dhkemPrimitives/x25519.ts": "f839354d975670c120038c34d84689cbd9c35df7e0f2a252806657a9a28f4a7c",
    "https://deno.land/x/hpke@1.2.9/src/kems/dhkemPrimitives/x448.ts": "505d54867e89f8d1c0a5f25aa00dd3f45a24c760ad1745c960ff9863faed6ee2",
    "https://deno.land/x/hpke@1.2.9/src/kems/dhkemSecp256k1.ts": "3f9a16c1103901901586a4c46f643751a7e442b7f0bf911d548914f9eb4d821e",
    "https://deno.land/x/hpke@1.2.9/src/kems/dhkemX25519.ts": "8cc3bcf6734b7d95f58a70b71d54de8e5b9c89abfc6088196acd463c85693d7f",
    "https://deno.land/x/hpke@1.2.9/src/kems/dhkemX448.ts": "f7552ab7ca8f282360e919c23b9c0c6aca6cd76e6471aa21c8f2cde4dcae9a95",
    "https://deno.land/x/hpke@1.2.9/src/kems/hybridkem.ts": "906ca3291e434b0d447269de7aee38222d74596308ebc6e8f7e781bec9e9c7d8",
    "https://deno.land/x/hpke@1.2.9/src/kems/hybridkemX25519Kyber768.ts": "e52901c64e2e77688201c5404f29b47c2f1d2aeda347f4356ed4d96814e83cae",
    "https://deno.land/x/hpke@1.2.9/src/kems/kemKyber768.ts": "b1c19170afaa8e062251da04a66bd6b855d8d8b38ec1d535576b14ee9eee723c",
    "https://deno.land/x/hpke@1.2.9/src/kems/primitives/kyber/consts.ts": "17b7b0cbdd77859a8a3b91fa90b0dd2c2f2c78ce314a4a2f61a11b408d955f64",
    "https://deno.land/x/hpke@1.2.9/src/kems/primitives/kyber/errors.ts": "c57b0c15d5cf7a0bc01b940b5e8a6acb7dc052915ea56895c8bd95c31fab051c",
    "https://deno.land/x/hpke@1.2.9/src/kems/primitives/kyber/kyber768.ts": "5b073b4269be8be5ca0180caad8e601149a87b7a90d21db8e0e9693c4025d432",
    "https://deno.land/x/hpke@1.2.9/src/kems/primitives/kyber/kyberBase.ts": "72e39a80283e2d09058898bb93efda2c7bc70b3bcac261382014851ae92186f3",
    "https://deno.land/x/hpke@1.2.9/src/kems/primitives/kyber/utils.ts": "3c64853736d9edb735ff8dc5455bcc21f560374ce57e9d5e2b0f320e4306d9c6",
    "https://deno.land/x/hpke@1.2.9/src/recipientContext.ts": "182ba41549742ff1b274b940f32824b580551b559a263438a9188999cec90643",
    "https://deno.land/x/hpke@1.2.9/src/senderContext.ts": "4ac61b1ce937b68a0497520814aad3ce406b633dea68200a062b28d59f1dab98",
    "https://deno.land/x/hpke@1.2.9/src/utils/bignum.ts": "2e8749a21cde3ec81e4d353ec001732d60c22d56a717f83bec4c9ddf8227f75c",
    "https://deno.land/x/hpke@1.2.9/src/utils/emitNotSupported.ts": "f1dda8ed65d3827a26ab1a7a3b138737f90ed2dde1d8ecc6009c38e5c1a53344",
    "https://deno.land/x/hpke@1.2.9/src/utils/misc.ts": "246385479f7001d0ee1e3ec22941694a7eea1faae3623ccbf156a3d4d5f1a39b",
    "https://deno.land/x/hpke@1.2.9/src/xCryptoKey.ts": "1c80ae84f3a1c6ef99af29af3fba21c294034ec758c757bd0244529684eb5b44",
    "https://deno.land/x/hpke@1.2.9/x/chacha20poly1305/mod.ts": "05fab179849de5ae928bbc883442f1661de07f05caed2da34f42ed57aa5e2372",
    "https://deno.land/x/hpke@1.2.9/x/dhkem-secp256k1/mod.ts": "19664e112e31649fc19a4e08ffe858725202603e9d0245c34b732e748ab6c02f",
    "https://deno.land/x/hpke@1.2.9/x/dhkem-x25519/mod.ts": "5ab707c2ea4d099ef74b8f2ab14a6aecc771ba5e05072f7ca6fb459c8ab60c99",
    "https://deno.land/x/hpke@1.2.9/x/dhkem-x448/mod.ts": "33b0f584e0646569bbe52d1c8ce3e4498e91be5eaaaca5454db6eb6ea06e6665",
    "https://deno.land/x/hpke@1.2.9/x/hybridkem-x25519-kyber768/mod.ts": "4e2f654c400cae7dd5f0ba9657733f46059d57212a02064d48a4b855f2123189"
  },
  "workspace": {
    "dependencies": [
      "jsr:@deno/dnt@~0.41.3",
      "jsr:@std/assert@1.0.0",
      "jsr:@std/fs@^1.0.4",
      "jsr:@std/path@^1.0.3",
      "jsr:@std/testing@1",
      "npm:@noble/ciphers@^1.1.0",
      "npm:@noble/curves@^1.6.0",
      "npm:@noble/hashes@^1.5.0",
      "npm:@playwright/test@^1.48.2",
      "npm:mlkem@^2.3.0"
    ],
    "members": {
      "packages/chacha20poly1305": {
        "dependencies": [
          "npm:@noble/ciphers@1"
        ]
      },
      "packages/chacha20poly1305/samples/deno": {
        "dependencies": [
          "jsr:@hpke/chacha20poly1305@^1.3.0",
          "jsr:@hpke/core@^1.3.0"
        ]
      },
      "packages/dhkem-secp256k1": {
        "dependencies": [
          "npm:@noble/curves@^1.6.0"
        ]
      },
      "packages/dhkem-x25519": {
        "dependencies": [
          "npm:@noble/curves@^1.6.0",
          "npm:@noble/hashes@^1.5.0"
        ]
      },
      "packages/dhkem-x448": {
        "dependencies": [
          "npm:@noble/curves@^1.6.0",
          "npm:@noble/hashes@^1.5.0"
        ]
      },
      "packages/hpke-js": {
        "dependencies": [
          "npm:@noble/hashes@^1.5.0"
        ]
      },
      "packages/hybridkem-x-wing": {
        "dependencies": [
          "jsr:@dajiaji/mlkem@^2.3.0",
          "npm:@noble/hashes@^1.5.0"
        ]
      },
      "packages/hybridkem-x25519-kyber768": {
        "dependencies": [
          "npm:@noble/hashes@^1.5.0"
        ]
      },
      "packages/ml-kem": {
        "dependencies": [
          "jsr:@dajiaji/mlkem@^2.3.0"
        ]
      }
    }
  }
}
