{
  "version": "2",
  "remote": {
    "https://deno.land/std@0.191.0/fmt/colors.ts": "d67e3cd9f472535241a8e410d33423980bec45047e343577554d3356e1f0ef4e",
    "https://deno.land/std@0.191.0/testing/_diff.ts": "1a3c044aedf77647d6cac86b798c6417603361b66b54c53331b312caeb447aea",
    "https://deno.land/std@0.191.0/testing/_format.ts": "a69126e8a469009adf4cf2a50af889aca364c349797e63174884a52ff75cf4c7",
    "https://deno.land/std@0.191.0/testing/_test_suite.ts": "30f018feeb3835f12ab198d8a518f9089b1bcb2e8c838a8b615ab10d5005465c",
    "https://deno.land/std@0.191.0/testing/asserts.ts": "e16d98b4d73ffc4ed498d717307a12500ae4f2cbe668f1a215632d19fcffc22f",
    "https://deno.land/std@0.191.0/testing/bdd.ts": "59f7f7503066d66a12e50ace81bfffae5b735b6be1208f5684b630ae6b4de1d0"
  },
  "npm": {
    "specifiers": {
      "@noble/curves@1.1.0": "@noble/curves@1.1.0",
      "@noble/hashes@1.3.1": "@noble/hashes@1.3.1",
      "@noble/secp256k1@1.7.1": "@noble/secp256k1@1.7.1",
      "@stablelib/chacha20poly1305@1.0.1": "@stablelib/chacha20poly1305@1.0.1"
    },
    "packages": {
      "@noble/curves@1.1.0": {
        "integrity": "sha512-091oBExgENk/kGj3AZmtBDMpxQPDtxQABR2B9lb1JbVTs6ytdzZNwvhxQ4MWasRNEzlbEH8jCWFCwhF/Obj5AA==",
        "dependencies": {
          "@noble/hashes": "@noble/hashes@1.3.1"
        }
      },
      "@noble/hashes@1.3.1": {
        "integrity": "sha512-EbqwksQwz9xDRGfDST86whPBgM65E0OH/pCgqW0GBVzO22bNE+NuIbeTb714+IfSjU3aRk47EUvXIb5bTsenKA==",
        "dependencies": {}
      },
      "@noble/secp256k1@1.7.1": {
        "integrity": "sha512-hOUk6AyBFmqVrv7k5WAw/LpszxVbj9gGN4JRkIX52fdFAj1UA61KXmZDvqVEm+pOyec3+fIeZB02LYa/pWOArw==",
        "dependencies": {}
      },
      "@stablelib/aead@1.0.1": {
        "integrity": "sha512-q39ik6sxGHewqtO0nP4BuSe3db5G1fEJE8ukvngS2gLkBXyy6E7pLubhbYgnkDFv6V8cWaxcE4Xn0t6LWcJkyg==",
        "dependencies": {}
      },
      "@stablelib/binary@1.0.1": {
        "integrity": "sha512-ClJWvmL6UBM/wjkvv/7m5VP3GMr9t0osr4yVgLZsLCOz4hGN9gIAFEqnJ0TsSMAN+n840nf2cHZnA5/KFqHC7Q==",
        "dependencies": {
          "@stablelib/int": "@stablelib/int@1.0.1"
        }
      },
      "@stablelib/chacha20poly1305@1.0.1": {
        "integrity": "sha512-MmViqnqHd1ymwjOQfghRKw2R/jMIGT3wySN7cthjXCBdO+qErNPUBnRzqNpnvIwg7JBCg3LdeCZZO4de/yEhVA==",
        "dependencies": {
          "@stablelib/aead": "@stablelib/aead@1.0.1",
          "@stablelib/binary": "@stablelib/binary@1.0.1",
          "@stablelib/chacha": "@stablelib/chacha@1.0.1",
          "@stablelib/constant-time": "@stablelib/constant-time@1.0.1",
          "@stablelib/poly1305": "@stablelib/poly1305@1.0.1",
          "@stablelib/wipe": "@stablelib/wipe@1.0.1"
        }
      },
      "@stablelib/chacha@1.0.1": {
        "integrity": "sha512-Pmlrswzr0pBzDofdFuVe1q7KdsHKhhU24e8gkEwnTGOmlC7PADzLVxGdn2PoNVBBabdg0l/IfLKg6sHAbTQugg==",
        "dependencies": {
          "@stablelib/binary": "@stablelib/binary@1.0.1",
          "@stablelib/wipe": "@stablelib/wipe@1.0.1"
        }
      },
      "@stablelib/constant-time@1.0.1": {
        "integrity": "sha512-tNOs3uD0vSJcK6z1fvef4Y+buN7DXhzHDPqRLSXUel1UfqMB1PWNsnnAezrKfEwTLpN0cGH2p9NNjs6IqeD0eg==",
        "dependencies": {}
      },
      "@stablelib/int@1.0.1": {
        "integrity": "sha512-byr69X/sDtDiIjIV6m4roLVWnNNlRGzsvxw+agj8CIEazqWGOQp2dTYgQhtyVXV9wpO6WyXRQUzLV/JRNumT2w==",
        "dependencies": {}
      },
      "@stablelib/poly1305@1.0.1": {
        "integrity": "sha512-1HlG3oTSuQDOhSnLwJRKeTRSAdFNVB/1djy2ZbS35rBSJ/PFqx9cf9qatinWghC2UbfOYD8AcrtbUQl8WoxabA==",
        "dependencies": {
          "@stablelib/constant-time": "@stablelib/constant-time@1.0.1",
          "@stablelib/wipe": "@stablelib/wipe@1.0.1"
        }
      },
      "@stablelib/wipe@1.0.1": {
        "integrity": "sha512-WfqfX/eXGiAd3RJe4VU2snh/ZPwtSjLG4ynQ/vYzvghTh7dHFcI1wl+nrkWG6lGhukOxOsUHfv8dUXr58D0ayg==",
        "dependencies": {}
      }
    }
  }
}
