{
  "version": "3",
  "packages": {
    "specifiers": {
      "jsr:@hpke/core@^1.2.9": "jsr:@hpke/core@1.2.9"
    },
    "jsr": {
      "@hpke/core@1.2.9": {
        "integrity": "428de3f8885bd7305956d272cafa8759fb98f17ad465e57acd33bbdc0e18998e"
      }
    }
  },
  "remote": {},
  "workspace": {
    "dependencies": [
      "jsr:@hpke/core@^1.2.9",
      "jsr:@std/assert@1"
    ]
  }
}
