{
  "name": "node-hpke-js",
  "version": "1.0.0",
  "lockfileVersion": 3,
  "requires": true,
  "packages": {
    "": {
      "name": "node-hpke-js",
      "version": "1.0.0",
      "license": "MIT",
      "dependencies": {
        "hpke-js": "^1.4.3"
      }
    },
    "node_modules/@hpke/chacha20poly1305": {
      "version": "1.4.3",
      "resolved": "https://registry.npmjs.org/@hpke/chacha20poly1305/-/chacha20poly1305-1.4.3.tgz",
      "integrity": "sha512-0of93jR0wlq2lG4RvXyrzL2qXKvi/ITWSwEp1sSVfxys8wlGU3aKrEwj0NeCXoHHKb5ei/n9VzsdlpC0xZsvFg==",
      "license": "MIT",
      "dependencies": {
        "@hpke/common": "^1.4.3",
        "@noble/ciphers": "^0.5.3"
      },
      "engines": {
        "node": ">=16.0.0"
      }
    },
    "node_modules/@hpke/common": {
      "version": "1.4.3",
      "resolved": "https://registry.npmjs.org/@hpke/common/-/common-1.4.3.tgz",
      "integrity": "sha512-jLM6eqINUOqFYHA36qxo/BoLL1k1TW3xqAl996GyMXK1E7cGL1jTp0igBcBrEmHPC+Pl2RbpyOZlYyWC91mt2g==",
      "license": "MIT",
      "engines": {
        "node": ">=16.0.0"
      }
    },
    "node_modules/@hpke/core": {
      "version": "1.4.3",
      "resolved": "https://registry.npmjs.org/@hpke/core/-/core-1.4.3.tgz",
      "integrity": "sha512-10ZwPlNcoM8t9NN4BV26Q437WQv+bKldSVTDL1XM8PvJYz7HbhhJUKrfyMmLIU8jA93t7hYPsOM12eGlDJtklQ==",
      "license": "MIT",
      "dependencies": {
        "@hpke/common": "^1.4.3"
      },
      "engines": {
        "node": ">=16.0.0"
      }
    },
    "node_modules/@hpke/dhkem-x25519": {
      "version": "1.4.3",
      "resolved": "https://registry.npmjs.org/@hpke/dhkem-x25519/-/dhkem-x25519-1.4.3.tgz",
      "integrity": "sha512-QFb09/hR/iJKurTvOY1PJ/TGr0CgAf2AO6HeyhP93afa5U3dg4xR038FhMvCw1XTe/hTvww9QoMJ+bAgMOwu7A==",
      "license": "MIT",
      "dependencies": {
        "@hpke/common": "^1.4.3",
        "@noble/curves": "^1.4.2",
        "@noble/hashes": "^1.4.0"
      },
      "engines": {
        "node": ">=16.0.0"
      }
    },
    "node_modules/@hpke/dhkem-x448": {
      "version": "1.4.3",
      "resolved": "https://registry.npmjs.org/@hpke/dhkem-x448/-/dhkem-x448-1.4.3.tgz",
      "integrity": "sha512-V5r4AD2O5rNBknDW2G2UlV8+TIX3HEEYRfPbtRMvuP4iAV2o9XcTGFJf31MAYbfMUBFwaQ+abvcCmbOI6bmneA==",
      "license": "MIT",
      "dependencies": {
        "@hpke/common": "^1.4.3",
        "@noble/curves": "^1.4.2",
        "@noble/hashes": "^1.4.0"
      },
      "engines": {
        "node": ">=16.0.0"
      }
    },
    "node_modules/@noble/ciphers": {
      "version": "0.5.3",
      "resolved": "https://registry.npmjs.org/@noble/ciphers/-/ciphers-0.5.3.tgz",
      "integrity": "sha512-B0+6IIHiqEs3BPMT0hcRmHvEj2QHOLu+uwt+tqDDeVd0oyVzh7BPrDcPjRnV1PV/5LaknXJJQvOuRGR0zQJz+w==",
      "license": "MIT",
      "funding": {
        "url": "https://paulmillr.com/funding/"
      }
    },
    "node_modules/@noble/curves": {
      "version": "1.6.0",
      "resolved": "https://registry.npmjs.org/@noble/curves/-/curves-1.6.0.tgz",
      "integrity": "sha512-TlaHRXDehJuRNR9TfZDNQ45mMEd5dwUwmicsafcIX4SsNiqnCHKjE/1alYPd/lDRVhxdhUAlv8uEhMCI5zjIJQ==",
      "license": "MIT",
      "dependencies": {
        "@noble/hashes": "1.5.0"
      },
      "engines": {
        "node": "^14.21.3 || >=16"
      },
      "funding": {
        "url": "https://paulmillr.com/funding/"
      }
    },
    "node_modules/@noble/hashes": {
      "version": "1.5.0",
      "resolved": "https://registry.npmjs.org/@noble/hashes/-/hashes-1.5.0.tgz",
      "integrity": "sha512-1j6kQFb7QRru7eKN3ZDvRcP13rugwdxZqCjbiAVZfIJwgj2A65UmT4TgARXGlXgnRkORLTDTrO19ZErt7+QXgA==",
      "license": "MIT",
      "engines": {
        "node": "^14.21.3 || >=16"
      },
      "funding": {
        "url": "https://paulmillr.com/funding/"
      }
    },
    "node_modules/hpke-js": {
      "version": "1.4.3",
      "resolved": "https://registry.npmjs.org/hpke-js/-/hpke-js-1.4.3.tgz",
      "integrity": "sha512-di8fhAcPSIcHPJpjtJRTZW8WG53SrnX/RYRM8UEdfVlWeMLddNf+BFFCLEYkyM5b3/JhojfaZ1+yuLj942aZhQ==",
      "license": "MIT",
      "dependencies": {
        "@hpke/chacha20poly1305": "^1.4.3",
        "@hpke/common": "^1.4.3",
        "@hpke/core": "^1.4.3",
        "@hpke/dhkem-x25519": "^1.4.3",
        "@hpke/dhkem-x448": "^1.4.3",
        "@noble/hashes": "^1.4.0"
      },
      "engines": {
        "node": ">=16.0.0"
      }
    }
  }
}
