{
  "name": "node-hpke-js",
  "version": "1.0.0",
  "lockfileVersion": 3,
  "requires": true,
  "packages": {
    "": {
      "name": "node-hpke-js",
      "version": "1.0.0",
      "license": "MIT",
      "dependencies": {
        "hpke-js": "^1.4.1"
      }
    },
    "node_modules/@hpke/chacha20poly1305": {
      "version": "1.3.1",
      "resolved": "https://registry.npmjs.org/@hpke/chacha20poly1305/-/chacha20poly1305-1.3.1.tgz",
      "integrity": "sha512-kX8D5y04o+SxGJSJMA4r3+YtxOSHir7QxRFuANCVB4hr7Dm7oVwce9iVUQJtOPRSc4mddFlRFq4SQyy2mI4KQA==",
      "license": "MIT",
      "dependencies": {
        "@hpke/core": "^1.3.0",
        "@noble/ciphers": "^0.5.3"
      },
      "engines": {
        "node": ">=16.0.0"
      }
    },
    "node_modules/@hpke/core": {
      "version": "1.3.1",
      "resolved": "https://registry.npmjs.org/@hpke/core/-/core-1.3.1.tgz",
      "integrity": "sha512-ilWdCYbaTyvQGrMMi5LKcy320/sleGdSR2eKo8B1QOEEWi5EZT+k0B/K5o51AcPLJWaLiY1WFJhSIynTKGI35g==",
      "license": "MIT",
      "engines": {
        "node": ">=16.0.0"
      }
    },
    "node_modules/@hpke/dhkem-x25519": {
      "version": "1.3.1",
      "resolved": "https://registry.npmjs.org/@hpke/dhkem-x25519/-/dhkem-x25519-1.3.1.tgz",
      "integrity": "sha512-BR0s6GYTbCufMRnG7byuRGvtby61kc3od1AaI+LJDkgmmLdsEcr7mk8cfbMncse1PlHVWLoFcMX67ATyGoDwcw==",
      "license": "MIT",
      "dependencies": {
        "@hpke/core": "^1.3.0",
        "@noble/curves": "^1.4.2",
        "@noble/hashes": "^1.4.0"
      },
      "engines": {
        "node": ">=16.0.0"
      }
    },
    "node_modules/@hpke/dhkem-x448": {
      "version": "1.3.1",
      "resolved": "https://registry.npmjs.org/@hpke/dhkem-x448/-/dhkem-x448-1.3.1.tgz",
      "integrity": "sha512-xsy/1nfbi+pbWUZtQAx4uXj9IJ5Db8QAfuT8m0JZq3CZbWy/3qn9WV6NUFdg3pqNW7WEK99yirHyaIXBfqTOIA==",
      "license": "MIT",
      "dependencies": {
        "@hpke/core": "^1.3.0",
        "@noble/curves": "^1.4.2",
        "@noble/hashes": "^1.4.0"
      },
      "engines": {
        "node": ">=16.0.0"
      }
    },
    "node_modules/@noble/ciphers": {
      "version": "0.5.3",
      "resolved": "https://registry.npmjs.org/@noble/ciphers/-/ciphers-0.5.3.tgz",
      "integrity": "sha512-B0+6IIHiqEs3BPMT0hcRmHvEj2QHOLu+uwt+tqDDeVd0oyVzh7BPrDcPjRnV1PV/5LaknXJJQvOuRGR0zQJz+w==",
      "license": "MIT",
      "funding": {
        "url": "https://paulmillr.com/funding/"
      }
    },
    "node_modules/@noble/curves": {
      "version": "1.5.0",
      "resolved": "https://registry.npmjs.org/@noble/curves/-/curves-1.5.0.tgz",
      "integrity": "sha512-J5EKamIHnKPyClwVrzmaf5wSdQXgdHcPZIZLu3bwnbeCx8/7NPK5q2ZBWF+5FvYGByjiQQsJYX6jfgB2wDPn3A==",
      "license": "MIT",
      "dependencies": {
        "@noble/hashes": "1.4.0"
      },
      "funding": {
        "url": "https://paulmillr.com/funding/"
      }
    },
    "node_modules/@noble/hashes": {
      "version": "1.4.0",
      "resolved": "https://registry.npmjs.org/@noble/hashes/-/hashes-1.4.0.tgz",
      "integrity": "sha512-V1JJ1WTRUqHHrOSh597hURcMqVKVGL/ea3kv0gSnEdsEZ0/+VyPghM1lMNGc00z7CIQorSvbKpuJkxvuHbvdbg==",
      "license": "MIT",
      "engines": {
        "node": ">= 16"
      },
      "funding": {
        "url": "https://paulmillr.com/funding/"
      }
    },
    "node_modules/hpke-js": {
      "version": "1.4.1",
      "resolved": "https://registry.npmjs.org/hpke-js/-/hpke-js-1.4.1.tgz",
      "integrity": "sha512-vZDNKJNLjmtwwW4rRY8Nz+R0IP0HW30S6LwIpc+tscqop6+W9qepMForKNpqBA/6NWq+dLplmf3z28BS9RozAw==",
      "license": "MIT",
      "dependencies": {
        "@hpke/chacha20poly1305": "^1.3.0",
        "@hpke/core": "^1.3.0",
        "@hpke/dhkem-x25519": "^1.3.0",
        "@hpke/dhkem-x448": "^1.3.0",
        "@noble/hashes": "^1.4.0"
      },
      "engines": {
        "node": ">=16.0.0"
      }
    }
  }
}
