{
  "name": "node-hpke-core",
  "version": "1.0.0",
  "lockfileVersion": 3,
  "requires": true,
  "packages": {
    "": {
      "name": "node-hpke-core",
      "version": "1.0.0",
      "license": "MIT",
      "dependencies": {
        "@hpke/core": "^1.3.1"
      }
    },
    "node_modules/@hpke/core": {
      "version": "1.3.1",
      "resolved": "https://registry.npmjs.org/@hpke/core/-/core-1.3.1.tgz",
      "integrity": "sha512-ilWdCYbaTyvQGrMMi5LKcy320/sleGdSR2eKo8B1QOEEWi5EZT+k0B/K5o51AcPLJWaLiY1WFJhSIynTKGI35g==",
      "license": "MIT",
      "engines": {
        "node": ">=16.0.0"
      }
    }
  }
}
