{
  "name": "node-hpke-core",
  "version": "1.0.0",
  "lockfileVersion": 3,
  "requires": true,
  "packages": {
    "": {
      "name": "node-hpke-core",
      "version": "1.0.0",
      "license": "MIT",
      "dependencies": {
        "@hpke/core": "^1.4.1"
      }
    },
    "node_modules/@hpke/core": {
      "version": "1.4.1",
      "resolved": "https://registry.npmjs.org/@hpke/core/-/core-1.4.1.tgz",
      "integrity": "sha512-zKFqOwCCSPdGHyH1FxvSFrfA3i6raD5yY21PxtCWjXAbd5xhUPeiIRt6pqLAWCyTcP9qjtBc9NOBvHGHRZjGrQ==",
      "license": "MIT",
      "engines": {
        "node": ">=16.0.0"
      }
    }
  }
}
