{
  "name": "node-hpke-core",
  "version": "1.0.0",
  "lockfileVersion": 3,
  "requires": true,
  "packages": {
    "": {
      "name": "node-hpke-core",
      "version": "1.0.0",
      "license": "MIT",
      "dependencies": {
        "@hpke/core": "^1.4.2"
      }
    },
    "node_modules/@hpke/common": {
      "version": "1.4.2",
      "resolved": "https://registry.npmjs.org/@hpke/common/-/common-1.4.2.tgz",
      "integrity": "sha512-T/y8c9CQpvaDT/0qCxpgYhH2E8N5jVena6msIoE7qNYjLWaMzENRDelXeegFt9WSoSXbso0LIqTs9DZ4TTheMA==",
      "license": "MIT",
      "engines": {
        "node": ">=16.0.0"
      }
    },
    "node_modules/@hpke/core": {
      "version": "1.4.2",
      "resolved": "https://registry.npmjs.org/@hpke/core/-/core-1.4.2.tgz",
      "integrity": "sha512-OTRGs9jxifygSllO9waGuDidA8jCR9RsIG2p03RGA8KfSbKDHhQfJDkvwoXv1znsqH0PrpyYqvs3yYcLSoMtJw==",
      "license": "MIT",
      "dependencies": {
        "@hpke/common": "^1.4.1"
      },
      "engines": {
        "node": ">=16.0.0"
      }
    }
  }
}
