{
  "name": "node-hpke-core",
  "version": "1.0.0",
  "lockfileVersion": 3,
  "requires": true,
  "packages": {
    "": {
      "name": "node-hpke-core",
      "version": "1.0.0",
      "license": "MIT",
      "dependencies": {
        "@hpke/core": "^1.4.1",
        "@hpke/dhkem-x448": "^1.4.1"
      }
    },
    "node_modules/@hpke/core": {
      "version": "1.4.1",
      "resolved": "https://registry.npmjs.org/@hpke/core/-/core-1.4.1.tgz",
      "integrity": "sha512-zKFqOwCCSPdGHyH1FxvSFrfA3i6raD5yY21PxtCWjXAbd5xhUPeiIRt6pqLAWCyTcP9qjtBc9NOBvHGHRZjGrQ==",
      "license": "MIT",
      "engines": {
        "node": ">=16.0.0"
      }
    },
    "node_modules/@hpke/dhkem-x448": {
      "version": "1.4.1",
      "resolved": "https://registry.npmjs.org/@hpke/dhkem-x448/-/dhkem-x448-1.4.1.tgz",
      "integrity": "sha512-Aa5wWA2lrUip3VMD4qdIIrPBuZxHXe4ey+wI90E8EeOCIXPKIh2/J7yPnIp4W1QglRnQcfEnSVBmWPGj6lbJGg==",
      "license": "MIT",
      "dependencies": {
        "@hpke/core": "^1.3.0",
        "@noble/curves": "^1.4.2",
        "@noble/hashes": "^1.4.0"
      },
      "engines": {
        "node": ">=16.0.0"
      }
    },
    "node_modules/@noble/curves": {
      "version": "1.4.2",
      "resolved": "https://registry.npmjs.org/@noble/curves/-/curves-1.4.2.tgz",
      "integrity": "sha512-TavHr8qycMChk8UwMld0ZDRvatedkzWfH8IiaeGCfymOP5i0hSCozz9vHOL0nkwk7HRMlFnAiKpS2jrUmSybcw==",
      "license": "MIT",
      "dependencies": {
        "@noble/hashes": "1.4.0"
      },
      "funding": {
        "url": "https://paulmillr.com/funding/"
      }
    },
    "node_modules/@noble/hashes": {
      "version": "1.4.0",
      "resolved": "https://registry.npmjs.org/@noble/hashes/-/hashes-1.4.0.tgz",
      "integrity": "sha512-V1JJ1WTRUqHHrOSh597hURcMqVKVGL/ea3kv0gSnEdsEZ0/+VyPghM1lMNGc00z7CIQorSvbKpuJkxvuHbvdbg==",
      "license": "MIT",
      "engines": {
        "node": ">= 16"
      },
      "funding": {
        "url": "https://paulmillr.com/funding/"
      }
    }
  }
}
