{
  "name": "node-hpke-sample",
  "version": "1.0.0",
  "lockfileVersion": 3,
  "requires": true,
  "packages": {
    "": {
      "name": "node-hpke-sample",
      "version": "1.0.0",
      "license": "MIT",
      "dependencies": {
        "@hpke/core": "^1.2.9",
        "@hpke/dhkem-x25519": "^1.2.9"
      }
    },
    "node_modules/@hpke/core": {
      "version": "1.2.9",
      "resolved": "https://registry.npmjs.org/@hpke/core/-/core-1.2.9.tgz",
      "integrity": "sha512-I2n7RO4X+EFpS0EtfGq2CkOqNSp/3OgP9ycp6RPbkb2/7QCY9wJWOzpXvnOiu5Q8TriRn7LCFaYUPaCFckVwKw==",
      "license": "MIT",
      "engines": {
        "node": ">=16.0.0"
      }
    },
    "node_modules/@hpke/dhkem-x25519": {
      "version": "1.2.9",
      "resolved": "https://registry.npmjs.org/@hpke/dhkem-x25519/-/dhkem-x25519-1.2.9.tgz",
      "integrity": "sha512-Mh4nA7eI8ZKQRJOxNTevsXWsg4BCfQtOOHeVMm37mW3SnTzAD4UatAtFlqBPd3wwUjjKfcjSSta/MgfBwvGC6g==",
      "license": "MIT",
      "dependencies": {
        "@noble/curves": "1.4.2",
        "@noble/hashes": "1.4.0"
      },
      "engines": {
        "node": ">=16.0.0"
      }
    },
    "node_modules/@noble/curves": {
      "version": "1.4.2",
      "resolved": "https://registry.npmjs.org/@noble/curves/-/curves-1.4.2.tgz",
      "integrity": "sha512-TavHr8qycMChk8UwMld0ZDRvatedkzWfH8IiaeGCfymOP5i0hSCozz9vHOL0nkwk7HRMlFnAiKpS2jrUmSybcw==",
      "license": "MIT",
      "dependencies": {
        "@noble/hashes": "1.4.0"
      },
      "funding": {
        "url": "https://paulmillr.com/funding/"
      }
    },
    "node_modules/@noble/hashes": {
      "version": "1.4.0",
      "resolved": "https://registry.npmjs.org/@noble/hashes/-/hashes-1.4.0.tgz",
      "integrity": "sha512-V1JJ1WTRUqHHrOSh597hURcMqVKVGL/ea3kv0gSnEdsEZ0/+VyPghM1lMNGc00z7CIQorSvbKpuJkxvuHbvdbg==",
      "license": "MIT",
      "engines": {
        "node": ">= 16"
      },
      "funding": {
        "url": "https://paulmillr.com/funding/"
      }
    }
  }
}
