{
  "name": "node-hpke-core",
  "version": "1.0.0",
  "lockfileVersion": 3,
  "requires": true,
  "packages": {
    "": {
      "name": "node-hpke-core",
      "version": "1.0.0",
      "license": "MIT",
      "dependencies": {
        "@hpke/core": "^1.5.0",
        "@hpke/hybridkem-x25519-kyber768": "^1.5.0"
      }
    },
    "node_modules/@hpke/common": {
      "version": "1.4.3",
      "resolved": "https://registry.npmjs.org/@hpke/common/-/common-1.4.3.tgz",
      "integrity": "sha512-jLM6eqINUOqFYHA36qxo/BoLL1k1TW3xqAl996GyMXK1E7cGL1jTp0igBcBrEmHPC+Pl2RbpyOZlYyWC91mt2g==",
      "license": "MIT",
      "engines": {
        "node": ">=16.0.0"
      }
    },
    "node_modules/@hpke/core": {
      "version": "1.5.0",
      "resolved": "https://registry.npmjs.org/@hpke/core/-/core-1.5.0.tgz",
      "integrity": "sha512-l39NqGCQPUc2pQrZwqoAkKMdL1xwVson+ZaQl69LF1dOccKtHBwgu2FBjzo2RpkLE3sNC3RSqVVPDqHptPFRrw==",
      "license": "MIT",
      "dependencies": {
        "@hpke/common": "^1.4.3"
      },
      "engines": {
        "node": ">=16.0.0"
      }
    },
    "node_modules/@hpke/dhkem-x25519": {
      "version": "1.4.3",
      "resolved": "https://registry.npmjs.org/@hpke/dhkem-x25519/-/dhkem-x25519-1.4.3.tgz",
      "integrity": "sha512-QFb09/hR/iJKurTvOY1PJ/TGr0CgAf2AO6HeyhP93afa5U3dg4xR038FhMvCw1XTe/hTvww9QoMJ+bAgMOwu7A==",
      "license": "MIT",
      "dependencies": {
        "@hpke/common": "^1.4.3",
        "@noble/curves": "^1.4.2",
        "@noble/hashes": "^1.4.0"
      },
      "engines": {
        "node": ">=16.0.0"
      }
    },
    "node_modules/@hpke/hybridkem-x25519-kyber768": {
      "version": "1.5.0",
      "resolved": "https://registry.npmjs.org/@hpke/hybridkem-x25519-kyber768/-/hybridkem-x25519-kyber768-1.5.0.tgz",
      "integrity": "sha512-S5dpvK76blw3BC+0sePFrMxobiKDmjjV1hkfSMaS2kjZTjckGkiBgR0gOiE04TeTrC5EkrXqFegNmFOiBdjfsw==",
      "license": "MIT",
      "dependencies": {
        "@hpke/common": "^1.4.3",
        "@hpke/core": "^1.4.3",
        "@hpke/dhkem-x25519": "^1.4.3",
        "@noble/hashes": "^1.4.0"
      },
      "engines": {
        "node": ">=16.0.0"
      }
    },
    "node_modules/@noble/curves": {
      "version": "1.6.0",
      "resolved": "https://registry.npmjs.org/@noble/curves/-/curves-1.6.0.tgz",
      "integrity": "sha512-TlaHRXDehJuRNR9TfZDNQ45mMEd5dwUwmicsafcIX4SsNiqnCHKjE/1alYPd/lDRVhxdhUAlv8uEhMCI5zjIJQ==",
      "license": "MIT",
      "dependencies": {
        "@noble/hashes": "1.5.0"
      },
      "engines": {
        "node": "^14.21.3 || >=16"
      },
      "funding": {
        "url": "https://paulmillr.com/funding/"
      }
    },
    "node_modules/@noble/hashes": {
      "version": "1.5.0",
      "resolved": "https://registry.npmjs.org/@noble/hashes/-/hashes-1.5.0.tgz",
      "integrity": "sha512-1j6kQFb7QRru7eKN3ZDvRcP13rugwdxZqCjbiAVZfIJwgj2A65UmT4TgARXGlXgnRkORLTDTrO19ZErt7+QXgA==",
      "license": "MIT",
      "engines": {
        "node": "^14.21.3 || >=16"
      },
      "funding": {
        "url": "https://paulmillr.com/funding/"
      }
    }
  }
}
