{
  "name": "node-hpke-sample",
  "version": "1.0.0",
  "lockfileVersion": 2,
  "requires": true,
  "packages": {
    "": {
      "name": "node-hpke-sample",
      "version": "1.0.0",
      "license": "MIT",
      "dependencies": {
        "@hpke/core": "^0.22.0"
      }
    },
    "node_modules/@hpke/core": {
      "version": "0.22.2",
      "resolved": "https://registry.npmjs.org/@hpke/core/-/core-0.22.2.tgz",
      "integrity": "sha512-xqtUX3d9KrzoJZkN8iTb97enRvlcnNcFoa5PDsGARmRy4AA9wwerqS3n9z0m/Kt1WzhMMZRjUqcDXJ2zZvYPHw==",
      "engines": {
        "node": ">=16.0.0"
      }
    }
  },
  "dependencies": {
    "@hpke/core": {
      "version": "0.22.2",
      "resolved": "https://registry.npmjs.org/@hpke/core/-/core-0.22.2.tgz",
      "integrity": "sha512-xqtUX3d9KrzoJZkN8iTb97enRvlcnNcFoa5PDsGARmRy4AA9wwerqS3n9z0m/Kt1WzhMMZRjUqcDXJ2zZvYPHw=="
    }
  }
}
