{
  "name": "node-hpke-sample",
  "version": "1.0.0",
  "lockfileVersion": 2,
  "requires": true,
  "packages": {
    "": {
      "name": "node-hpke-sample",
      "version": "1.0.0",
      "license": "MIT",
      "dependencies": {
        "hpke-js": "^0.18.0"
      }
    },
    "node_modules/@noble/curves": {
      "version": "0.5.1",
      "resolved": "https://registry.npmjs.org/@noble/curves/-/curves-0.5.1.tgz",
      "integrity": "sha512-Z0X7t/tptOR9/i+TjXNNIX5GFaArDqkbE7w4FaFUVLhx4B152g862fiHGyQMIhPxjEtBo6shbd23fJRy86Y6oA==",
      "funding": [
        {
          "type": "individual",
          "url": "https://paulmillr.com/funding/"
        }
      ],
      "dependencies": {
        "@noble/hashes": "1.1.5"
      }
    },
    "node_modules/@noble/hashes": {
      "version": "1.1.5",
      "resolved": "https://registry.npmjs.org/@noble/hashes/-/hashes-1.1.5.tgz",
      "integrity": "sha512-LTMZiiLc+V4v1Yi16TD6aX2gmtKszNye0pQgbaLqkvhIqP7nVsSaJsWloGQjJfJ8offaoP5GtX3yY5swbcJxxQ==",
      "funding": [
        {
          "type": "individual",
          "url": "https://paulmillr.com/funding/"
        }
      ]
    },
    "node_modules/@noble/secp256k1": {
      "version": "1.7.1",
      "resolved": "https://registry.npmjs.org/@noble/secp256k1/-/secp256k1-1.7.1.tgz",
      "integrity": "sha512-hOUk6AyBFmqVrv7k5WAw/LpszxVbj9gGN4JRkIX52fdFAj1UA61KXmZDvqVEm+pOyec3+fIeZB02LYa/pWOArw==",
      "funding": [
        {
          "type": "individual",
          "url": "https://paulmillr.com/funding/"
        }
      ]
    },
    "node_modules/@stablelib/aead": {
      "version": "1.0.1",
      "resolved": "https://registry.npmjs.org/@stablelib/aead/-/aead-1.0.1.tgz",
      "integrity": "sha512-q39ik6sxGHewqtO0nP4BuSe3db5G1fEJE8ukvngS2gLkBXyy6E7pLubhbYgnkDFv6V8cWaxcE4Xn0t6LWcJkyg=="
    },
    "node_modules/@stablelib/binary": {
      "version": "1.0.1",
      "resolved": "https://registry.npmjs.org/@stablelib/binary/-/binary-1.0.1.tgz",
      "integrity": "sha512-ClJWvmL6UBM/wjkvv/7m5VP3GMr9t0osr4yVgLZsLCOz4hGN9gIAFEqnJ0TsSMAN+n840nf2cHZnA5/KFqHC7Q==",
      "dependencies": {
        "@stablelib/int": "^1.0.1"
      }
    },
    "node_modules/@stablelib/chacha": {
      "version": "1.0.1",
      "resolved": "https://registry.npmjs.org/@stablelib/chacha/-/chacha-1.0.1.tgz",
      "integrity": "sha512-Pmlrswzr0pBzDofdFuVe1q7KdsHKhhU24e8gkEwnTGOmlC7PADzLVxGdn2PoNVBBabdg0l/IfLKg6sHAbTQugg==",
      "dependencies": {
        "@stablelib/binary": "^1.0.1",
        "@stablelib/wipe": "^1.0.1"
      }
    },
    "node_modules/@stablelib/chacha20poly1305": {
      "version": "1.0.1",
      "resolved": "https://registry.npmjs.org/@stablelib/chacha20poly1305/-/chacha20poly1305-1.0.1.tgz",
      "integrity": "sha512-MmViqnqHd1ymwjOQfghRKw2R/jMIGT3wySN7cthjXCBdO+qErNPUBnRzqNpnvIwg7JBCg3LdeCZZO4de/yEhVA==",
      "dependencies": {
        "@stablelib/aead": "^1.0.1",
        "@stablelib/binary": "^1.0.1",
        "@stablelib/chacha": "^1.0.1",
        "@stablelib/constant-time": "^1.0.1",
        "@stablelib/poly1305": "^1.0.1",
        "@stablelib/wipe": "^1.0.1"
      }
    },
    "node_modules/@stablelib/constant-time": {
      "version": "1.0.1",
      "resolved": "https://registry.npmjs.org/@stablelib/constant-time/-/constant-time-1.0.1.tgz",
      "integrity": "sha512-tNOs3uD0vSJcK6z1fvef4Y+buN7DXhzHDPqRLSXUel1UfqMB1PWNsnnAezrKfEwTLpN0cGH2p9NNjs6IqeD0eg=="
    },
    "node_modules/@stablelib/hash": {
      "version": "1.0.1",
      "resolved": "https://registry.npmjs.org/@stablelib/hash/-/hash-1.0.1.tgz",
      "integrity": "sha512-eTPJc/stDkdtOcrNMZ6mcMK1e6yBbqRBaNW55XA1jU8w/7QdnCF0CmMmOD1m7VSkBR44PWrMHU2l6r8YEQHMgg=="
    },
    "node_modules/@stablelib/hmac": {
      "version": "1.0.1",
      "resolved": "https://registry.npmjs.org/@stablelib/hmac/-/hmac-1.0.1.tgz",
      "integrity": "sha512-V2APD9NSnhVpV/QMYgCVMIYKiYG6LSqw1S65wxVoirhU/51ACio6D4yDVSwMzuTJXWZoVHbDdINioBwKy5kVmA==",
      "dependencies": {
        "@stablelib/constant-time": "^1.0.1",
        "@stablelib/hash": "^1.0.1",
        "@stablelib/wipe": "^1.0.1"
      }
    },
    "node_modules/@stablelib/int": {
      "version": "1.0.1",
      "resolved": "https://registry.npmjs.org/@stablelib/int/-/int-1.0.1.tgz",
      "integrity": "sha512-byr69X/sDtDiIjIV6m4roLVWnNNlRGzsvxw+agj8CIEazqWGOQp2dTYgQhtyVXV9wpO6WyXRQUzLV/JRNumT2w=="
    },
    "node_modules/@stablelib/poly1305": {
      "version": "1.0.1",
      "resolved": "https://registry.npmjs.org/@stablelib/poly1305/-/poly1305-1.0.1.tgz",
      "integrity": "sha512-1HlG3oTSuQDOhSnLwJRKeTRSAdFNVB/1djy2ZbS35rBSJ/PFqx9cf9qatinWghC2UbfOYD8AcrtbUQl8WoxabA==",
      "dependencies": {
        "@stablelib/constant-time": "^1.0.1",
        "@stablelib/wipe": "^1.0.1"
      }
    },
    "node_modules/@stablelib/sha256": {
      "version": "1.0.1",
      "resolved": "https://registry.npmjs.org/@stablelib/sha256/-/sha256-1.0.1.tgz",
      "integrity": "sha512-GIIH3e6KH+91FqGV42Kcj71Uefd/QEe7Dy42sBTeqppXV95ggCcxLTk39bEr+lZfJmp+ghsR07J++ORkRELsBQ==",
      "dependencies": {
        "@stablelib/binary": "^1.0.1",
        "@stablelib/hash": "^1.0.1",
        "@stablelib/wipe": "^1.0.1"
      }
    },
    "node_modules/@stablelib/sha512": {
      "version": "1.0.1",
      "resolved": "https://registry.npmjs.org/@stablelib/sha512/-/sha512-1.0.1.tgz",
      "integrity": "sha512-13gl/iawHV9zvDKciLo1fQ8Bgn2Pvf7OV6amaRVKiq3pjQ3UmEpXxWiAfV8tYjUpeZroBxtyrwtdooQT/i3hzw==",
      "dependencies": {
        "@stablelib/binary": "^1.0.1",
        "@stablelib/hash": "^1.0.1",
        "@stablelib/wipe": "^1.0.1"
      }
    },
    "node_modules/@stablelib/wipe": {
      "version": "1.0.1",
      "resolved": "https://registry.npmjs.org/@stablelib/wipe/-/wipe-1.0.1.tgz",
      "integrity": "sha512-WfqfX/eXGiAd3RJe4VU2snh/ZPwtSjLG4ynQ/vYzvghTh7dHFcI1wl+nrkWG6lGhukOxOsUHfv8dUXr58D0ayg=="
    },
    "node_modules/hpke-js": {
      "version": "0.18.0",
      "resolved": "https://registry.npmjs.org/hpke-js/-/hpke-js-0.18.0.tgz",
      "integrity": "sha512-sAgIyIVCu8lbjOmxtbQ1UjQZho9DRdpct28c3gGzOynUKEWpX5ziI6uJc9KrxPUARumRGfXvYRy5Hfsw5YHJiA==",
      "dependencies": {
        "@noble/curves": "0.5.1",
        "@noble/secp256k1": "1.7.1",
        "@stablelib/chacha20poly1305": "1.0.1",
        "@stablelib/hmac": "1.0.1",
        "@stablelib/sha256": "1.0.1",
        "@stablelib/sha512": "1.0.1"
      },
      "engines": {
        "node": ">=16.0.0"
      }
    }
  },
  "dependencies": {
    "@noble/curves": {
      "version": "0.5.1",
      "resolved": "https://registry.npmjs.org/@noble/curves/-/curves-0.5.1.tgz",
      "integrity": "sha512-Z0X7t/tptOR9/i+TjXNNIX5GFaArDqkbE7w4FaFUVLhx4B152g862fiHGyQMIhPxjEtBo6shbd23fJRy86Y6oA==",
      "requires": {
        "@noble/hashes": "1.1.5"
      }
    },
    "@noble/hashes": {
      "version": "1.1.5",
      "resolved": "https://registry.npmjs.org/@noble/hashes/-/hashes-1.1.5.tgz",
      "integrity": "sha512-LTMZiiLc+V4v1Yi16TD6aX2gmtKszNye0pQgbaLqkvhIqP7nVsSaJsWloGQjJfJ8offaoP5GtX3yY5swbcJxxQ=="
    },
    "@noble/secp256k1": {
      "version": "1.7.1",
      "resolved": "https://registry.npmjs.org/@noble/secp256k1/-/secp256k1-1.7.1.tgz",
      "integrity": "sha512-hOUk6AyBFmqVrv7k5WAw/LpszxVbj9gGN4JRkIX52fdFAj1UA61KXmZDvqVEm+pOyec3+fIeZB02LYa/pWOArw=="
    },
    "@stablelib/aead": {
      "version": "1.0.1",
      "resolved": "https://registry.npmjs.org/@stablelib/aead/-/aead-1.0.1.tgz",
      "integrity": "sha512-q39ik6sxGHewqtO0nP4BuSe3db5G1fEJE8ukvngS2gLkBXyy6E7pLubhbYgnkDFv6V8cWaxcE4Xn0t6LWcJkyg=="
    },
    "@stablelib/binary": {
      "version": "1.0.1",
      "resolved": "https://registry.npmjs.org/@stablelib/binary/-/binary-1.0.1.tgz",
      "integrity": "sha512-ClJWvmL6UBM/wjkvv/7m5VP3GMr9t0osr4yVgLZsLCOz4hGN9gIAFEqnJ0TsSMAN+n840nf2cHZnA5/KFqHC7Q==",
      "requires": {
        "@stablelib/int": "^1.0.1"
      }
    },
    "@stablelib/chacha": {
      "version": "1.0.1",
      "resolved": "https://registry.npmjs.org/@stablelib/chacha/-/chacha-1.0.1.tgz",
      "integrity": "sha512-Pmlrswzr0pBzDofdFuVe1q7KdsHKhhU24e8gkEwnTGOmlC7PADzLVxGdn2PoNVBBabdg0l/IfLKg6sHAbTQugg==",
      "requires": {
        "@stablelib/binary": "^1.0.1",
        "@stablelib/wipe": "^1.0.1"
      }
    },
    "@stablelib/chacha20poly1305": {
      "version": "1.0.1",
      "resolved": "https://registry.npmjs.org/@stablelib/chacha20poly1305/-/chacha20poly1305-1.0.1.tgz",
      "integrity": "sha512-MmViqnqHd1ymwjOQfghRKw2R/jMIGT3wySN7cthjXCBdO+qErNPUBnRzqNpnvIwg7JBCg3LdeCZZO4de/yEhVA==",
      "requires": {
        "@stablelib/aead": "^1.0.1",
        "@stablelib/binary": "^1.0.1",
        "@stablelib/chacha": "^1.0.1",
        "@stablelib/constant-time": "^1.0.1",
        "@stablelib/poly1305": "^1.0.1",
        "@stablelib/wipe": "^1.0.1"
      }
    },
    "@stablelib/constant-time": {
      "version": "1.0.1",
      "resolved": "https://registry.npmjs.org/@stablelib/constant-time/-/constant-time-1.0.1.tgz",
      "integrity": "sha512-tNOs3uD0vSJcK6z1fvef4Y+buN7DXhzHDPqRLSXUel1UfqMB1PWNsnnAezrKfEwTLpN0cGH2p9NNjs6IqeD0eg=="
    },
    "@stablelib/hash": {
      "version": "1.0.1",
      "resolved": "https://registry.npmjs.org/@stablelib/hash/-/hash-1.0.1.tgz",
      "integrity": "sha512-eTPJc/stDkdtOcrNMZ6mcMK1e6yBbqRBaNW55XA1jU8w/7QdnCF0CmMmOD1m7VSkBR44PWrMHU2l6r8YEQHMgg=="
    },
    "@stablelib/hmac": {
      "version": "1.0.1",
      "resolved": "https://registry.npmjs.org/@stablelib/hmac/-/hmac-1.0.1.tgz",
      "integrity": "sha512-V2APD9NSnhVpV/QMYgCVMIYKiYG6LSqw1S65wxVoirhU/51ACio6D4yDVSwMzuTJXWZoVHbDdINioBwKy5kVmA==",
      "requires": {
        "@stablelib/constant-time": "^1.0.1",
        "@stablelib/hash": "^1.0.1",
        "@stablelib/wipe": "^1.0.1"
      }
    },
    "@stablelib/int": {
      "version": "1.0.1",
      "resolved": "https://registry.npmjs.org/@stablelib/int/-/int-1.0.1.tgz",
      "integrity": "sha512-byr69X/sDtDiIjIV6m4roLVWnNNlRGzsvxw+agj8CIEazqWGOQp2dTYgQhtyVXV9wpO6WyXRQUzLV/JRNumT2w=="
    },
    "@stablelib/poly1305": {
      "version": "1.0.1",
      "resolved": "https://registry.npmjs.org/@stablelib/poly1305/-/poly1305-1.0.1.tgz",
      "integrity": "sha512-1HlG3oTSuQDOhSnLwJRKeTRSAdFNVB/1djy2ZbS35rBSJ/PFqx9cf9qatinWghC2UbfOYD8AcrtbUQl8WoxabA==",
      "requires": {
        "@stablelib/constant-time": "^1.0.1",
        "@stablelib/wipe": "^1.0.1"
      }
    },
    "@stablelib/sha256": {
      "version": "1.0.1",
      "resolved": "https://registry.npmjs.org/@stablelib/sha256/-/sha256-1.0.1.tgz",
      "integrity": "sha512-GIIH3e6KH+91FqGV42Kcj71Uefd/QEe7Dy42sBTeqppXV95ggCcxLTk39bEr+lZfJmp+ghsR07J++ORkRELsBQ==",
      "requires": {
        "@stablelib/binary": "^1.0.1",
        "@stablelib/hash": "^1.0.1",
        "@stablelib/wipe": "^1.0.1"
      }
    },
    "@stablelib/sha512": {
      "version": "1.0.1",
      "resolved": "https://registry.npmjs.org/@stablelib/sha512/-/sha512-1.0.1.tgz",
      "integrity": "sha512-13gl/iawHV9zvDKciLo1fQ8Bgn2Pvf7OV6amaRVKiq3pjQ3UmEpXxWiAfV8tYjUpeZroBxtyrwtdooQT/i3hzw==",
      "requires": {
        "@stablelib/binary": "^1.0.1",
        "@stablelib/hash": "^1.0.1",
        "@stablelib/wipe": "^1.0.1"
      }
    },
    "@stablelib/wipe": {
      "version": "1.0.1",
      "resolved": "https://registry.npmjs.org/@stablelib/wipe/-/wipe-1.0.1.tgz",
      "integrity": "sha512-WfqfX/eXGiAd3RJe4VU2snh/ZPwtSjLG4ynQ/vYzvghTh7dHFcI1wl+nrkWG6lGhukOxOsUHfv8dUXr58D0ayg=="
    },
    "hpke-js": {
      "version": "0.18.0",
      "resolved": "https://registry.npmjs.org/hpke-js/-/hpke-js-0.18.0.tgz",
      "integrity": "sha512-sAgIyIVCu8lbjOmxtbQ1UjQZho9DRdpct28c3gGzOynUKEWpX5ziI6uJc9KrxPUARumRGfXvYRy5Hfsw5YHJiA==",
      "requires": {
        "@noble/curves": "0.5.1",
        "@noble/secp256k1": "1.7.1",
        "@stablelib/chacha20poly1305": "1.0.1",
        "@stablelib/hmac": "1.0.1",
        "@stablelib/sha256": "1.0.1",
        "@stablelib/sha512": "1.0.1"
      }
    }
  }
}
