{
  "name": "node-hpke-sample",
  "version": "1.0.0",
  "lockfileVersion": 2,
  "requires": true,
  "packages": {
    "": {
      "name": "node-hpke-sample",
      "version": "1.0.0",
      "license": "MIT",
      "dependencies": {
        "hpke-js": "^0.12.0"
      }
    },
    "node_modules/hpke-js": {
      "version": "0.12.0",
      "resolved": "https://registry.npmjs.org/hpke-js/-/hpke-js-0.12.0.tgz",
      "integrity": "sha512-2xMkyMbZez1q4XDwmjr6bKdHiCExlaUHkW+ywKnflT2f51SzgO414ylQp2WkZ7bgUXoTC0C75f9bzsG4N4Z6PQ==",
      "engines": {
        "node": ">=16.0.0"
      }
    }
  },
  "dependencies": {
    "hpke-js": {
      "version": "0.12.0",
      "resolved": "https://registry.npmjs.org/hpke-js/-/hpke-js-0.12.0.tgz",
      "integrity": "sha512-2xMkyMbZez1q4XDwmjr6bKdHiCExlaUHkW+ywKnflT2f51SzgO414ylQp2WkZ7bgUXoTC0C75f9bzsG4N4Z6PQ=="
    }
  }
}
