{
  "version": "3",
  "packages": {
    "specifiers": {
      "npm:@noble/ciphers@0.5.3": "npm:@noble/ciphers@0.5.3",
      "npm:@noble/curves@1.4.2": "npm:@noble/curves@1.4.2",
      "npm:@noble/hashes@1.4.0": "npm:@noble/hashes@1.4.0"
    },
    "npm": {
      "@noble/ciphers@0.5.3": {
        "integrity": "sha512-B0+6IIHiqEs3BPMT0hcRmHvEj2QHOLu+uwt+tqDDeVd0oyVzh7BPrDcPjRnV1PV/5LaknXJJQvOuRGR0zQJz+w==",
        "dependencies": {}
      },
      "@noble/curves@1.4.2": {
        "integrity": "sha512-TavHr8qycMChk8UwMld0ZDRvatedkzWfH8IiaeGCfymOP5i0hSCozz9vHOL0nkwk7HRMlFnAiKpS2jrUmSybcw==",
        "dependencies": {
          "@noble/hashes": "@noble/hashes@1.4.0"
        }
      },
      "@noble/hashes@1.4.0": {
        "integrity": "sha512-V1JJ1WTRUqHHrOSh597hURcMqVKVGL/ea3kv0gSnEdsEZ0/+VyPghM1lMNGc00z7CIQorSvbKpuJkxvuHbvdbg==",
        "dependencies": {}
      }
    }
  },
  "remote": {
    "https://deno.land/x/hpke@1.2.9/mod.ts": "b9d0c076cfdf6be46257979a89812004f04f99e843faeca895a94373fcff1848",
    "https://deno.land/x/hpke@1.2.9/src/aeads/aesGcm.ts": "7d1fca5cdd116b9801535b72941e9bfbcf1540b304d0bcc5a93e103465495885",
    "https://deno.land/x/hpke@1.2.9/src/aeads/chacha20Poly1305.ts": "18304aa1797341eb8082220ee17ffe57f6f873ddc30b177baa9630271771e3ec",
    "https://deno.land/x/hpke@1.2.9/src/aeads/exportOnly.ts": "387c2d6a882bd65ab9087348e659c090b9d455b5acb4c01852bccc6be39aa64a",
    "https://deno.land/x/hpke@1.2.9/src/algorithm.ts": "ff0bbf9adbc0636c39c2c30e0c87951cba82da482f20740f6f0e07c71b4b7460",
    "https://deno.land/x/hpke@1.2.9/src/cipherSuite.ts": "b85fa6aa870f6ec45256523c737a0dfcf529d6a7ee05ce507de27385e3ea4656",
    "https://deno.land/x/hpke@1.2.9/src/cipherSuiteNative.ts": "9193141e3fbd4fd2644d7b53f7212238e1363845d8adf90a7e25ca98909ab54a",
    "https://deno.land/x/hpke@1.2.9/src/consts.ts": "8d5c087b2a3514c6053b83fe47e8ccf99fc6b4c43145336bba28d43bd89735e1",
    "https://deno.land/x/hpke@1.2.9/src/encryptionContext.ts": "3f769671dea0c39a1df3b362161415b963ff1c69a8fa9d63bf73199dce131daa",
    "https://deno.land/x/hpke@1.2.9/src/errors.ts": "28059eeae7100b4e0af3fceb6a83adaa844daf73040d7ea6adb642e4e24a9fdd",
    "https://deno.land/x/hpke@1.2.9/src/exporterContext.ts": "b293b3c4325a3ceb9e4378fe3ba1224e3e361ec7065fb7e3b90d61ec4fc26eaa",
    "https://deno.land/x/hpke@1.2.9/src/identifiers.ts": "2d0e8e49dddd168fd67e1f294193136eff82dfe5ca427b0a8f343a63fedf63a5",
    "https://deno.land/x/hpke@1.2.9/src/interfaces/aeadEncryptionContext.ts": "e39e7d96678ec033baff4d925ef601ef34420c5b2b18e1863426bb21b9d60d3d",
    "https://deno.land/x/hpke@1.2.9/src/interfaces/dhkemPrimitives.ts": "0f6934452670ae0555cce21439c5133df367ccafb96ed103767b79abaa8cf037",
    "https://deno.land/x/hpke@1.2.9/src/interfaces/kemInterface.ts": "c9ccbeadc2af9053cb74cdde203cad506820e362b9401886bf2edf10d72bd900",
    "https://deno.land/x/hpke@1.2.9/src/kdfs/hkdf.ts": "2b3c14ce3c9a4eb48d64bfa75d76bab8ef6d3e45e5f68ae2bedc85d7527bcc6d",
    "https://deno.land/x/hpke@1.2.9/src/kdfs/hkdfSha256.ts": "ab283b4234f1fee503c7dac306988bc662100767cb9a1e347bec7f6a7a5c7f27",
    "https://deno.land/x/hpke@1.2.9/src/kdfs/hkdfSha384.ts": "a0c9846c4bac1d103df61f4c327715b45c62389aa38fa2e0180b0085529df147",
    "https://deno.land/x/hpke@1.2.9/src/kdfs/hkdfSha512.ts": "27acd55b364d09c6f9cbd96994849764359fb01c1eebe97e180bba80e012e15c",
    "https://deno.land/x/hpke@1.2.9/src/kems/dhkem.ts": "50e29066266f4af94e3ea1d5ea1c1633ea336b5fdf45b488c5b2311c758d0f02",
    "https://deno.land/x/hpke@1.2.9/src/kems/dhkemP256.ts": "449266bf7f9b97a289adee5b4f581f423463f458f24b11e6f4d797ff2bb12ca1",
    "https://deno.land/x/hpke@1.2.9/src/kems/dhkemP384.ts": "16a999cce7a96c5799959d33da288de6945424a6ec3bce74e72962647b8aed00",
    "https://deno.land/x/hpke@1.2.9/src/kems/dhkemP521.ts": "0006c91099c14000d8d23008da4382b8e5bba80b39bf47e8ab9d1905da3ed079",
    "https://deno.land/x/hpke@1.2.9/src/kems/dhkemPrimitives/ec.ts": "f3965a5a97972949cbde851b32d669d214f3a44bdc5e242b891aee8a2c1e95c8",
    "https://deno.land/x/hpke@1.2.9/src/kems/dhkemPrimitives/x25519.ts": "f839354d975670c120038c34d84689cbd9c35df7e0f2a252806657a9a28f4a7c",
    "https://deno.land/x/hpke@1.2.9/src/kems/dhkemPrimitives/x448.ts": "505d54867e89f8d1c0a5f25aa00dd3f45a24c760ad1745c960ff9863faed6ee2",
    "https://deno.land/x/hpke@1.2.9/src/kems/dhkemX25519.ts": "8cc3bcf6734b7d95f58a70b71d54de8e5b9c89abfc6088196acd463c85693d7f",
    "https://deno.land/x/hpke@1.2.9/src/kems/dhkemX448.ts": "f7552ab7ca8f282360e919c23b9c0c6aca6cd76e6471aa21c8f2cde4dcae9a95",
    "https://deno.land/x/hpke@1.2.9/src/recipientContext.ts": "182ba41549742ff1b274b940f32824b580551b559a263438a9188999cec90643",
    "https://deno.land/x/hpke@1.2.9/src/senderContext.ts": "4ac61b1ce937b68a0497520814aad3ce406b633dea68200a062b28d59f1dab98",
    "https://deno.land/x/hpke@1.2.9/src/utils/bignum.ts": "2e8749a21cde3ec81e4d353ec001732d60c22d56a717f83bec4c9ddf8227f75c",
    "https://deno.land/x/hpke@1.2.9/src/utils/emitNotSupported.ts": "f1dda8ed65d3827a26ab1a7a3b138737f90ed2dde1d8ecc6009c38e5c1a53344",
    "https://deno.land/x/hpke@1.2.9/src/utils/misc.ts": "246385479f7001d0ee1e3ec22941694a7eea1faae3623ccbf156a3d4d5f1a39b",
    "https://deno.land/x/hpke@1.2.9/src/xCryptoKey.ts": "1c80ae84f3a1c6ef99af29af3fba21c294034ec758c757bd0244529684eb5b44"
  },
  "workspace": {
    "dependencies": [
      "jsr:@dajiaji/hpke@^1.2.9",
      "jsr:@std/assert@1"
    ]
  }
}
