{
  "name": "hpke-js",
  "lockfileVersion": 3,
  "requires": true,
  "packages": {
    "": {
      "name": "hpke-js",
      "workspaces": [
        "packages/common",
        "packages/core",
        "packages/chacha20poly1305",
        "packages/dhkem-x25519",
        "packages/dhkem-x448",
        "packages/dhkem-secp256k1",
        "packages/hybridkem-x25519-kyber768",
        "packages/hpke-js",
        "../**/*/samples/node"
      ]
    },
    "../packages/chacha20poly1305/samples/node": {
      "name": "samples-node-hpke-chacha20poly1305",
      "version": "1.0.0",
      "license": "MIT",
      "dependencies": {
        "@hpke/chacha20poly1305": "^1.4.3",
        "@hpke/core": "^1.4.3"
      }
    },
    "../packages/core/samples/node": {
      "name": "samples-node-hpke-core",
      "version": "1.0.0",
      "license": "MIT",
      "dependencies": {
        "@hpke/core": "^1.5.0"
      }
    },
    "../packages/dhkem-secp256k1/samples/node": {
      "name": "samples-node-hpke-dhkem-secp256k1",
      "version": "1.0.0",
      "license": "MIT",
      "dependencies": {
        "@hpke/core": "^1.5.0",
        "@hpke/dhkem-secp256k1": "^1.5.0"
      }
    },
    "../packages/dhkem-x25519/samples/node": {
      "name": "samples-node-hpke-dhkem-x25519",
      "version": "1.0.0",
      "license": "MIT",
      "dependencies": {
        "@hpke/core": "^1.5.0",
        "@hpke/dhkem-x25519": "^1.5.0"
      }
    },
    "../packages/dhkem-x448/samples/node": {
      "name": "samples-node-hpke-dhkem-x448",
      "version": "1.0.0",
      "license": "MIT",
      "dependencies": {
        "@hpke/core": "^1.4.3",
        "@hpke/dhkem-x448": "^1.4.3"
      }
    },
    "../packages/hpke-js/samples/node": {
      "name": "samples-node-hpke-js",
      "version": "1.0.0",
      "license": "MIT",
      "dependencies": {
        "hpke-js": "^1.5.0"
      }
    },
    "../packages/hybridkem-x25519-kyber768/samples/node": {
      "name": "samples-node-hpke-hybridkem-x25519-kyber768",
      "version": "1.0.0",
      "license": "MIT",
      "dependencies": {
        "@hpke/core": "^1.5.0",
        "@hpke/hybridkem-x25519-kyber768": "^1.5.0"
      }
    },
    "node_modules/@deno/shim-deno": {
      "version": "0.18.2",
      "resolved": "https://registry.npmjs.org/@deno/shim-deno/-/shim-deno-0.18.2.tgz",
      "integrity": "sha512-oQ0CVmOio63wlhwQF75zA4ioolPvOwAoK0yuzcS5bDC1JUvH3y1GS8xPh8EOpcoDQRU4FTG8OQfxhpR+c6DrzA==",
      "dev": true,
      "license": "MIT",
      "dependencies": {
        "@deno/shim-deno-test": "^0.5.0",
        "which": "^4.0.0"
      }
    },
    "node_modules/@deno/shim-deno-test": {
      "version": "0.5.0",
      "resolved": "https://registry.npmjs.org/@deno/shim-deno-test/-/shim-deno-test-0.5.0.tgz",
      "integrity": "sha512-4nMhecpGlPi0cSzT67L+Tm+GOJqvuk8gqHBziqcUQOarnuIax1z96/gJHCSIz2Z0zhxE6Rzwb3IZXPtFh51j+w==",
      "dev": true,
      "license": "MIT"
    },
    "node_modules/@hpke/chacha20poly1305": {
      "resolved": "packages/chacha20poly1305",
      "link": true
    },
    "node_modules/@hpke/common": {
      "resolved": "packages/common",
      "link": true
    },
    "node_modules/@hpke/core": {
      "resolved": "packages/core",
      "link": true
    },
    "node_modules/@hpke/dhkem-secp256k1": {
      "resolved": "packages/dhkem-secp256k1",
      "link": true
    },
    "node_modules/@hpke/dhkem-x25519": {
      "resolved": "packages/dhkem-x25519",
      "link": true
    },
    "node_modules/@hpke/dhkem-x448": {
      "resolved": "packages/dhkem-x448",
      "link": true
    },
    "node_modules/@hpke/hybridkem-x25519-kyber768": {
      "resolved": "packages/hybridkem-x25519-kyber768",
      "link": true
    },
    "node_modules/@noble/ciphers": {
      "version": "0.5.3",
      "resolved": "https://registry.npmjs.org/@noble/ciphers/-/ciphers-0.5.3.tgz",
      "integrity": "sha512-B0+6IIHiqEs3BPMT0hcRmHvEj2QHOLu+uwt+tqDDeVd0oyVzh7BPrDcPjRnV1PV/5LaknXJJQvOuRGR0zQJz+w==",
      "license": "MIT",
      "funding": {
        "url": "https://paulmillr.com/funding/"
      }
    },
    "node_modules/@noble/curves": {
      "version": "1.5.0",
      "resolved": "https://registry.npmjs.org/@noble/curves/-/curves-1.5.0.tgz",
      "integrity": "sha512-J5EKamIHnKPyClwVrzmaf5wSdQXgdHcPZIZLu3bwnbeCx8/7NPK5q2ZBWF+5FvYGByjiQQsJYX6jfgB2wDPn3A==",
      "license": "MIT",
      "dependencies": {
        "@noble/hashes": "1.4.0"
      },
      "funding": {
        "url": "https://paulmillr.com/funding/"
      }
    },
    "node_modules/@noble/hashes": {
      "version": "1.4.0",
      "resolved": "https://registry.npmjs.org/@noble/hashes/-/hashes-1.4.0.tgz",
      "integrity": "sha512-V1JJ1WTRUqHHrOSh597hURcMqVKVGL/ea3kv0gSnEdsEZ0/+VyPghM1lMNGc00z7CIQorSvbKpuJkxvuHbvdbg==",
      "license": "MIT",
      "engines": {
        "node": ">= 16"
      },
      "funding": {
        "url": "https://paulmillr.com/funding/"
      }
    },
    "node_modules/@types/node": {
      "version": "20.16.1",
      "resolved": "https://registry.npmjs.org/@types/node/-/node-20.16.1.tgz",
      "integrity": "sha512-zJDo7wEadFtSyNz5QITDfRcrhqDvQI1xQNQ0VoizPjM/dVAODqqIUWbJPkvsxmTI0MYRGRikcdjMPhOssnPejQ==",
      "dev": true,
      "license": "MIT",
      "dependencies": {
        "undici-types": "~6.19.2"
      }
    },
    "node_modules/hpke-js": {
      "resolved": "packages/hpke-js",
      "link": true
    },
    "node_modules/isexe": {
      "version": "3.1.1",
      "resolved": "https://registry.npmjs.org/isexe/-/isexe-3.1.1.tgz",
      "integrity": "sha512-LpB/54B+/2J5hqQ7imZHfdU31OlgQqx7ZicVlkm9kzg9/w8GKLEcFfJl/t7DCEDueOyBAD6zCCwTO6Fzs0NoEQ==",
      "dev": true,
      "license": "ISC",
      "engines": {
        "node": ">=16"
      }
    },
    "node_modules/picocolors": {
      "version": "1.0.1",
      "resolved": "https://registry.npmjs.org/picocolors/-/picocolors-1.0.1.tgz",
      "integrity": "sha512-anP1Z8qwhkbmu7MFP5iTt+wQKXgwzf7zTyGlcdzabySa9vd0Xt392U0rVmz9poOaBj0uHJKyyo9/upk0HrEQew==",
      "dev": true,
      "license": "ISC"
    },
    "node_modules/samples-node-hpke-chacha20poly1305": {
      "resolved": "../packages/chacha20poly1305/samples/node",
      "link": true
    },
    "node_modules/samples-node-hpke-core": {
      "resolved": "../packages/core/samples/node",
      "link": true
    },
    "node_modules/samples-node-hpke-dhkem-secp256k1": {
      "resolved": "../packages/dhkem-secp256k1/samples/node",
      "link": true
    },
    "node_modules/samples-node-hpke-dhkem-x25519": {
      "resolved": "../packages/dhkem-x25519/samples/node",
      "link": true
    },
    "node_modules/samples-node-hpke-dhkem-x448": {
      "resolved": "../packages/dhkem-x448/samples/node",
      "link": true
    },
    "node_modules/samples-node-hpke-hybridkem-x25519-kyber768": {
      "resolved": "../packages/hybridkem-x25519-kyber768/samples/node",
      "link": true
    },
    "node_modules/samples-node-hpke-js": {
      "resolved": "../packages/hpke-js/samples/node",
      "link": true
    },
    "node_modules/undici-types": {
      "version": "6.19.8",
      "resolved": "https://registry.npmjs.org/undici-types/-/undici-types-6.19.8.tgz",
      "integrity": "sha512-ve2KP6f/JnbPBFyobGHuerC9g1FYGn/F8n1LWTwNxCEzd6IfqTwUQcNXgEtmmQ6DlRrC1hrSrBnCZPokRrDHjw==",
      "dev": true,
      "license": "MIT"
    },
    "node_modules/which": {
      "version": "4.0.0",
      "resolved": "https://registry.npmjs.org/which/-/which-4.0.0.tgz",
      "integrity": "sha512-GlaYyEb07DPxYCKhKzplCWBJtvxZcZMrL+4UkrTSJHHPyZU4mYYTv3qaOe77H7EODLSSopAUFAc6W8U4yqvscg==",
      "dev": true,
      "license": "ISC",
      "dependencies": {
        "isexe": "^3.1.1"
      },
      "bin": {
        "node-which": "bin/which.js"
      },
      "engines": {
        "node": "^16.13.0 || >=18.0.0"
      }
    },
    "packages/chacha20poly1305": {
      "name": "@hpke/chacha20poly1305",
      "version": "1.5.0",
      "license": "MIT",
      "dependencies": {
        "@hpke/common": "^1.4.3",
        "@noble/ciphers": "^0.5.3"
      },
      "devDependencies": {
        "@deno/shim-deno": "~0.18.0",
        "@hpke/core": "^1.4.3",
        "@types/node": "^20.9.0",
        "picocolors": "^1.0.0"
      },
      "engines": {
        "node": ">=16.0.0"
      }
    },
    "packages/common": {
      "name": "@hpke/common",
      "version": "1.5.0",
      "license": "MIT",
      "devDependencies": {
        "@deno/shim-deno": "~0.18.0",
        "@types/node": "^20.9.0",
        "picocolors": "^1.0.0"
      },
      "engines": {
        "node": ">=16.0.0"
      }
    },
    "packages/core": {
      "name": "@hpke/core",
      "version": "1.5.0",
      "license": "MIT",
      "dependencies": {
        "@hpke/common": "^1.4.3"
      },
      "devDependencies": {
        "@deno/shim-deno": "~0.18.0",
        "@types/node": "^20.9.0",
        "picocolors": "^1.0.0"
      },
      "engines": {
        "node": ">=16.0.0"
      }
    },
    "packages/dhkem-secp256k1": {
      "name": "@hpke/dhkem-secp256k1",
      "version": "1.5.0",
      "license": "MIT",
      "dependencies": {
        "@hpke/common": "^1.4.3",
        "@hpke/dhkem-x25519": "^1.4.3",
        "@noble/curves": "^1.4.2"
      },
      "devDependencies": {
        "@deno/shim-deno": "~0.18.0",
        "@hpke/core": "^1.4.3",
        "@types/node": "^20.9.0",
        "picocolors": "^1.0.0"
      },
      "engines": {
        "node": ">=16.0.0"
      }
    },
    "packages/dhkem-x25519": {
      "name": "@hpke/dhkem-x25519",
      "version": "1.5.0",
      "license": "MIT",
      "dependencies": {
        "@hpke/common": "^1.4.3",
        "@noble/curves": "^1.4.2",
        "@noble/hashes": "^1.4.0"
      },
      "devDependencies": {
        "@deno/shim-deno": "~0.18.0",
        "@hpke/core": "^1.4.3",
        "@types/node": "^20.9.0",
        "picocolors": "^1.0.0"
      },
      "engines": {
        "node": ">=16.0.0"
      }
    },
    "packages/dhkem-x448": {
      "name": "@hpke/dhkem-x448",
      "version": "1.5.0",
      "license": "MIT",
      "dependencies": {
        "@hpke/common": "^1.4.3",
        "@noble/curves": "^1.4.2",
        "@noble/hashes": "^1.4.0"
      },
      "devDependencies": {
        "@deno/shim-deno": "~0.18.0",
        "@hpke/core": "^1.4.3",
        "@types/node": "^20.9.0",
        "picocolors": "^1.0.0"
      },
      "engines": {
        "node": ">=16.0.0"
      }
    },
    "packages/hpke-js": {
      "version": "1.5.0",
      "license": "MIT",
      "dependencies": {
        "@hpke/chacha20poly1305": "^1.4.3",
        "@hpke/common": "^1.4.3",
        "@hpke/core": "^1.4.3",
        "@hpke/dhkem-x25519": "^1.4.3",
        "@hpke/dhkem-x448": "^1.4.3",
        "@noble/hashes": "^1.4.0"
      },
      "devDependencies": {
        "@deno/shim-deno": "~0.18.0",
        "@types/node": "^20.9.0",
        "picocolors": "^1.0.0"
      },
      "engines": {
        "node": ">=16.0.0"
      }
    },
    "packages/hybridkem-x25519-kyber768": {
      "name": "@hpke/hybridkem-x25519-kyber768",
      "version": "1.5.0",
      "license": "MIT",
      "dependencies": {
        "@hpke/common": "^1.4.3",
        "@hpke/dhkem-x25519": "^1.4.3",
        "@noble/hashes": "^1.4.0"
      },
      "devDependencies": {
        "@deno/shim-deno": "~0.18.0",
        "@hpke/core": "^1.4.3",
        "@types/node": "^20.9.0",
        "picocolors": "^1.0.0"
      },
      "engines": {
        "node": ">=16.0.0"
      }
    }
  }
}
